// !$*UTF8*$!
{
	archiveVersion = 1;
	classes = {
	};
	objectVersion = 46;
	objects = {

/* Begin PBXBuildFile section */
		59DB1581AE8043C881E86AD8 /* libPods-ResourceMapperiOSTests.a in Frameworks */ = {isa = PBXBuildFile; fileRef = D5F0912840D94642B559EE4C /* libPods-ResourceMapperiOSTests.a */; };
		8E9EB740BB834AA385F0D139 /* libPods-ResourceMapperOSXTests.a in Frameworks */ = {isa = PBXBuildFile; fileRef = 52E19ECAAA094D95807660BE /* libPods-ResourceMapperOSXTests.a */; };
		F61B133D19B9A3EF004BCB86 /* RMOperationApplyNullTests.m in Sources */ = {isa = PBXBuildFile; fileRef = F61B133C19B9A3EF004BCB86 /* RMOperationApplyNullTests.m */; };
		F61B133E19B9A3EF004BCB86 /* RMOperationApplyNullTests.m in Sources */ = {isa = PBXBuildFile; fileRef = F61B133C19B9A3EF004BCB86 /* RMOperationApplyNullTests.m */; };
		F61B134119B9A424004BCB86 /* RMOperationApplyNullTests.xcdatamodeld in Sources */ = {isa = PBXBuildFile; fileRef = F61B133F19B9A424004BCB86 /* RMOperationApplyNullTests.xcdatamodeld */; };
		F61B134219B9A424004BCB86 /* RMOperationApplyNullTests.xcdatamodeld in Sources */ = {isa = PBXBuildFile; fileRef = F61B133F19B9A424004BCB86 /* RMOperationApplyNullTests.xcdatamodeld */; };
		F62E067B18E0BF9800CA40CB /* RMMapper.h in Headers */ = {isa = PBXBuildFile; fileRef = F62E067918E0BF9800CA40CB /* RMMapper.h */; };
		F62E067C18E0BF9800CA40CB /* RMMapper.m in Sources */ = {isa = PBXBuildFile; fileRef = F62E067A18E0BF9800CA40CB /* RMMapper.m */; };
		F62E067D18E0BF9800CA40CB /* RMMapper.m in Sources */ = {isa = PBXBuildFile; fileRef = F62E067A18E0BF9800CA40CB /* RMMapper.m */; };
		F63A75E918CB89BC00A309F2 /* Foundation.framework in Frameworks */ = {isa = PBXBuildFile; fileRef = F63A75E818CB89BC00A309F2 /* Foundation.framework */; };
		F63A75EE18CB89BC00A309F2 /* ResourceMapper.h in CopyFiles */ = {isa = PBXBuildFile; fileRef = F63A75ED18CB89BC00A309F2 /* ResourceMapper.h */; };
		F63A75F718CB89BC00A309F2 /* XCTest.framework in Frameworks */ = {isa = PBXBuildFile; fileRef = F63A75F618CB89BC00A309F2 /* XCTest.framework */; };
		F63A75F818CB89BC00A309F2 /* Foundation.framework in Frameworks */ = {isa = PBXBuildFile; fileRef = F63A75E818CB89BC00A309F2 /* Foundation.framework */; };
		F63A75FA18CB89BC00A309F2 /* UIKit.framework in Frameworks */ = {isa = PBXBuildFile; fileRef = F63A75F918CB89BC00A309F2 /* UIKit.framework */; };
		F63A75FD18CB89BC00A309F2 /* libResourceMapperiOS.a in Frameworks */ = {isa = PBXBuildFile; fileRef = F63A75E518CB89BC00A309F2 /* libResourceMapperiOS.a */; };
		F63A760318CB89BC00A309F2 /* InfoPlist.strings in Resources */ = {isa = PBXBuildFile; fileRef = F63A760118CB89BC00A309F2 /* InfoPlist.strings */; };
		F63A761418CB8A4E00A309F2 /* Cocoa.framework in Frameworks */ = {isa = PBXBuildFile; fileRef = F63A761318CB8A4E00A309F2 /* Cocoa.framework */; };
		F63A762418CB8A4E00A309F2 /* XCTest.framework in Frameworks */ = {isa = PBXBuildFile; fileRef = F63A75F618CB89BC00A309F2 /* XCTest.framework */; };
		F63A762518CB8A4E00A309F2 /* Cocoa.framework in Frameworks */ = {isa = PBXBuildFile; fileRef = F63A761318CB8A4E00A309F2 /* Cocoa.framework */; };
		F63A762818CB8A4E00A309F2 /* libResourceMapperOSX.a in Frameworks */ = {isa = PBXBuildFile; fileRef = F63A761218CB8A4D00A309F2 /* libResourceMapperOSX.a */; };
		F63A763B18CB939100A309F2 /* NSManagedObjectContext+Private.h in Headers */ = {isa = PBXBuildFile; fileRef = F63A763918CB939100A309F2 /* NSManagedObjectContext+Private.h */; };
		F63A763C18CB939100A309F2 /* NSManagedObjectContext+Private.m in Sources */ = {isa = PBXBuildFile; fileRef = F63A763A18CB939100A309F2 /* NSManagedObjectContext+Private.m */; };
		F63A763D18CB939100A309F2 /* NSManagedObjectContext+Private.m in Sources */ = {isa = PBXBuildFile; fileRef = F63A763A18CB939100A309F2 /* NSManagedObjectContext+Private.m */; };
		F63A764018CB93E500A309F2 /* NSSortDescriptor+Private.h in Headers */ = {isa = PBXBuildFile; fileRef = F63A763E18CB93E500A309F2 /* NSSortDescriptor+Private.h */; };
		F63A764118CB93E500A309F2 /* NSSortDescriptor+Private.m in Sources */ = {isa = PBXBuildFile; fileRef = F63A763F18CB93E500A309F2 /* NSSortDescriptor+Private.m */; };
		F63A764218CB93E500A309F2 /* NSSortDescriptor+Private.m in Sources */ = {isa = PBXBuildFile; fileRef = F63A763F18CB93E500A309F2 /* NSSortDescriptor+Private.m */; };
		F63A764418CB944100A309F2 /* RMMangedObjectContextTestCase.m in Sources */ = {isa = PBXBuildFile; fileRef = F63A764318CB944100A309F2 /* RMMangedObjectContextTestCase.m */; };
		F63A764518CB944100A309F2 /* RMMangedObjectContextTestCase.m in Sources */ = {isa = PBXBuildFile; fileRef = F63A764318CB944100A309F2 /* RMMangedObjectContextTestCase.m */; };
		F63A764818CB94F100A309F2 /* NSManagedObjectContextTests.m in Sources */ = {isa = PBXBuildFile; fileRef = F63A764718CB94F100A309F2 /* NSManagedObjectContextTests.m */; };
		F63A764918CB94F100A309F2 /* NSManagedObjectContextTests.m in Sources */ = {isa = PBXBuildFile; fileRef = F63A764718CB94F100A309F2 /* NSManagedObjectContextTests.m */; };
		F63A764C18CB957700A309F2 /* Model.xcdatamodeld in Sources */ = {isa = PBXBuildFile; fileRef = F63A764A18CB957700A309F2 /* Model.xcdatamodeld */; };
		F63A764D18CB957700A309F2 /* Model.xcdatamodeld in Sources */ = {isa = PBXBuildFile; fileRef = F63A764A18CB957700A309F2 /* Model.xcdatamodeld */; };
		F63A765318CB96D000A309F2 /* ResourceMapper+Private.h in Headers */ = {isa = PBXBuildFile; fileRef = F63A765118CB96D000A309F2 /* ResourceMapper+Private.h */; };
		F63A765A18CBA22B00A309F2 /* NSEntityDescription+Private.h in Headers */ = {isa = PBXBuildFile; fileRef = F63A765818CBA22B00A309F2 /* NSEntityDescription+Private.h */; };
		F63A765B18CBA22B00A309F2 /* NSEntityDescription+Private.m in Sources */ = {isa = PBXBuildFile; fileRef = F63A765918CBA22B00A309F2 /* NSEntityDescription+Private.m */; };
		F63A765C18CBA22B00A309F2 /* NSEntityDescription+Private.m in Sources */ = {isa = PBXBuildFile; fileRef = F63A765918CBA22B00A309F2 /* NSEntityDescription+Private.m */; };
		F63A765E18CBA2C100A309F2 /* NSEntityDescriptionTests.m in Sources */ = {isa = PBXBuildFile; fileRef = F63A765D18CBA2C100A309F2 /* NSEntityDescriptionTests.m */; };
		F63A765F18CBA2C100A309F2 /* NSEntityDescriptionTests.m in Sources */ = {isa = PBXBuildFile; fileRef = F63A765D18CBA2C100A309F2 /* NSEntityDescriptionTests.m */; };
		F63A766418CBA30900A309F2 /* RMManagedObjectModelTestCase.m in Sources */ = {isa = PBXBuildFile; fileRef = F63A766318CBA30900A309F2 /* RMManagedObjectModelTestCase.m */; };
		F63A766518CBA30900A309F2 /* RMManagedObjectModelTestCase.m in Sources */ = {isa = PBXBuildFile; fileRef = F63A766318CBA30900A309F2 /* RMManagedObjectModelTestCase.m */; };
		F63A767D18CBBF2A00A309F2 /* RMMappingSession.h in Headers */ = {isa = PBXBuildFile; fileRef = F63A767B18CBBF2A00A309F2 /* RMMappingSession.h */; };
		F63A767E18CBBF2A00A309F2 /* RMMappingSession.m in Sources */ = {isa = PBXBuildFile; fileRef = F63A767C18CBBF2A00A309F2 /* RMMappingSession.m */; };
		F63A767F18CBBF2A00A309F2 /* RMMappingSession.m in Sources */ = {isa = PBXBuildFile; fileRef = F63A767C18CBBF2A00A309F2 /* RMMappingSession.m */; };
		F63A768C18CBD42E00A309F2 /* NSObject+Private.h in Headers */ = {isa = PBXBuildFile; fileRef = F63A768A18CBD42E00A309F2 /* NSObject+Private.h */; };
		F63A768D18CBD42E00A309F2 /* NSObject+Private.m in Sources */ = {isa = PBXBuildFile; fileRef = F63A768B18CBD42E00A309F2 /* NSObject+Private.m */; };
		F63A768E18CBD42E00A309F2 /* NSObject+Private.m in Sources */ = {isa = PBXBuildFile; fileRef = F63A768B18CBD42E00A309F2 /* NSObject+Private.m */; };
		F63A769118CD16C000A309F2 /* RMMappingContext_AddResourcesTests.m in Sources */ = {isa = PBXBuildFile; fileRef = F63A769018CD16C000A309F2 /* RMMappingContext_AddResourcesTests.m */; };
		F63A769218CD16C000A309F2 /* RMMappingContext_AddResourcesTests.m in Sources */ = {isa = PBXBuildFile; fileRef = F63A769018CD16C000A309F2 /* RMMappingContext_AddResourcesTests.m */; };
		F63A769518CD18C400A309F2 /* RMMappingContext.h in Headers */ = {isa = PBXBuildFile; fileRef = F63A769318CD18C400A309F2 /* RMMappingContext.h */; };
		F63A769618CD18C400A309F2 /* RMMappingContext.m in Sources */ = {isa = PBXBuildFile; fileRef = F63A769418CD18C400A309F2 /* RMMappingContext.m */; };
		F63A769718CD18C400A309F2 /* RMMappingContext.m in Sources */ = {isa = PBXBuildFile; fileRef = F63A769418CD18C400A309F2 /* RMMappingContext.m */; };
		F63CF1A818CD2DDC00B29969 /* RMCombiningProxy.h in Headers */ = {isa = PBXBuildFile; fileRef = F63CF1A618CD2DDC00B29969 /* RMCombiningProxy.h */; };
		F63CF1A918CD2DDC00B29969 /* RMCombiningProxy.m in Sources */ = {isa = PBXBuildFile; fileRef = F63CF1A718CD2DDC00B29969 /* RMCombiningProxy.m */; };
		F63CF1AA18CD2DDC00B29969 /* RMCombiningProxy.m in Sources */ = {isa = PBXBuildFile; fileRef = F63CF1A718CD2DDC00B29969 /* RMCombiningProxy.m */; };
		F64F655C19D412DE00DE602A /* NSRelationshipDescription+Private.h in Headers */ = {isa = PBXBuildFile; fileRef = F64F655A19D412DE00DE602A /* NSRelationshipDescription+Private.h */; };
		F64F655D19D412DE00DE602A /* NSRelationshipDescription+Private.m in Sources */ = {isa = PBXBuildFile; fileRef = F64F655B19D412DE00DE602A /* NSRelationshipDescription+Private.m */; };
		F64F655E19D412DE00DE602A /* NSRelationshipDescription+Private.m in Sources */ = {isa = PBXBuildFile; fileRef = F64F655B19D412DE00DE602A /* NSRelationshipDescription+Private.m */; };
		F674F99B18D8DE6D00521850 /* RMDependencyPathTests.m in Sources */ = {isa = PBXBuildFile; fileRef = F674F99A18D8DE6D00521850 /* RMDependencyPathTests.m */; };
		F674F99C18D8DE6D00521850 /* RMDependencyPathTests.m in Sources */ = {isa = PBXBuildFile; fileRef = F674F99A18D8DE6D00521850 /* RMDependencyPathTests.m */; };
		F674F99F18D8DED200521850 /* RMDependencyPathTests.xcdatamodeld in Sources */ = {isa = PBXBuildFile; fileRef = F674F99D18D8DED200521850 /* RMDependencyPathTests.xcdatamodeld */; };
		F674F9A018D8DED200521850 /* RMDependencyPathTests.xcdatamodeld in Sources */ = {isa = PBXBuildFile; fileRef = F674F99D18D8DED200521850 /* RMDependencyPathTests.xcdatamodeld */; };
		F674F9B218D8F87900521850 /* RMResourceTraversalMappingCallbackTests.m in Sources */ = {isa = PBXBuildFile; fileRef = F674F9B118D8F87900521850 /* RMResourceTraversalMappingCallbackTests.m */; };
		F674F9B318D8F87900521850 /* RMResourceTraversalMappingCallbackTests.m in Sources */ = {isa = PBXBuildFile; fileRef = F674F9B118D8F87900521850 /* RMResourceTraversalMappingCallbackTests.m */; };
		F674F9B618D8F89A00521850 /* RMResourceTraversalMappingCallbackTests.xcdatamodeld in Sources */ = {isa = PBXBuildFile; fileRef = F674F9B418D8F89A00521850 /* RMResourceTraversalMappingCallbackTests.xcdatamodeld */; };
		F674F9B718D8F89A00521850 /* RMResourceTraversalMappingCallbackTests.xcdatamodeld in Sources */ = {isa = PBXBuildFile; fileRef = F674F9B418D8F89A00521850 /* RMResourceTraversalMappingCallbackTests.xcdatamodeld */; };
		F674F9BC18D8FCCD00521850 /* RMResourceTraversalDependencyTests.m in Sources */ = {isa = PBXBuildFile; fileRef = F674F9BB18D8FCCD00521850 /* RMResourceTraversalDependencyTests.m */; };
		F674F9BD18D8FCCD00521850 /* RMResourceTraversalDependencyTests.m in Sources */ = {isa = PBXBuildFile; fileRef = F674F9BB18D8FCCD00521850 /* RMResourceTraversalDependencyTests.m */; };
		F674F9C018D8FCE500521850 /* RMResourceTraversalDependencyTests.xcdatamodeld in Sources */ = {isa = PBXBuildFile; fileRef = F674F9BE18D8FCE500521850 /* RMResourceTraversalDependencyTests.xcdatamodeld */; };
		F674F9C118D8FCE500521850 /* RMResourceTraversalDependencyTests.xcdatamodeld in Sources */ = {isa = PBXBuildFile; fileRef = F674F9BE18D8FCE500521850 /* RMResourceTraversalDependencyTests.xcdatamodeld */; };
		F674F9C518DA1D4900521850 /* RMRelationshipPath.h in Headers */ = {isa = PBXBuildFile; fileRef = F674F9C318DA1D4900521850 /* RMRelationshipPath.h */; };
		F674F9C618DA1D4900521850 /* RMRelationshipPath.m in Sources */ = {isa = PBXBuildFile; fileRef = F674F9C418DA1D4900521850 /* RMRelationshipPath.m */; };
		F674F9C718DA1D4900521850 /* RMRelationshipPath.m in Sources */ = {isa = PBXBuildFile; fileRef = F674F9C418DA1D4900521850 /* RMRelationshipPath.m */; };
		F674F9CF18DA472600521850 /* RMDependency.h in Headers */ = {isa = PBXBuildFile; fileRef = F674F9CD18DA472600521850 /* RMDependency.h */; };
		F674F9D018DA472600521850 /* RMDependency.m in Sources */ = {isa = PBXBuildFile; fileRef = F674F9CE18DA472600521850 /* RMDependency.m */; };
		F674F9D118DA472600521850 /* RMDependency.m in Sources */ = {isa = PBXBuildFile; fileRef = F674F9CE18DA472600521850 /* RMDependency.m */; };
		F674F9DA18DD9D5700521850 /* RMMappingStep.h in Headers */ = {isa = PBXBuildFile; fileRef = F674F9D818DD9D5700521850 /* RMMappingStep.h */; };
		F674F9DB18DD9D5700521850 /* RMMappingStep.m in Sources */ = {isa = PBXBuildFile; fileRef = F674F9D918DD9D5700521850 /* RMMappingStep.m */; };
		F674F9DC18DD9D5700521850 /* RMMappingStep.m in Sources */ = {isa = PBXBuildFile; fileRef = F674F9D918DD9D5700521850 /* RMMappingStep.m */; };
		F674F9DF18DDF2F000521850 /* RMMappingStepTests.m in Sources */ = {isa = PBXBuildFile; fileRef = F674F9DE18DDF2F000521850 /* RMMappingStepTests.m */; };
		F674F9E018DDF2F000521850 /* RMMappingStepTests.m in Sources */ = {isa = PBXBuildFile; fileRef = F674F9DE18DDF2F000521850 /* RMMappingStepTests.m */; };
		F674F9E318DDF30F00521850 /* RMMappingStepTests.xcdatamodeld in Sources */ = {isa = PBXBuildFile; fileRef = F674F9E118DDF30F00521850 /* RMMappingStepTests.xcdatamodeld */; };
		F674F9E418DDF30F00521850 /* RMMappingStepTests.xcdatamodeld in Sources */ = {isa = PBXBuildFile; fileRef = F674F9E118DDF30F00521850 /* RMMappingStepTests.xcdatamodeld */; };
		F674F9E718DE235500521850 /* RMOperation.h in Headers */ = {isa = PBXBuildFile; fileRef = F674F9E518DE235500521850 /* RMOperation.h */; };
		F674F9E818DE235500521850 /* RMOperation.m in Sources */ = {isa = PBXBuildFile; fileRef = F674F9E618DE235500521850 /* RMOperation.m */; };
		F674F9E918DE235500521850 /* RMOperation.m in Sources */ = {isa = PBXBuildFile; fileRef = F674F9E618DE235500521850 /* RMOperation.m */; };
		F674F9ED18DF3E8600521850 /* RMUpdateOrInsertOperation.h in Headers */ = {isa = PBXBuildFile; fileRef = F674F9EB18DF3E8600521850 /* RMUpdateOrInsertOperation.h */; };
		F674F9EE18DF3E8600521850 /* RMUpdateOrInsertOperation.m in Sources */ = {isa = PBXBuildFile; fileRef = F674F9EC18DF3E8600521850 /* RMUpdateOrInsertOperation.m */; };
		F674F9EF18DF3E8600521850 /* RMUpdateOrInsertOperation.m in Sources */ = {isa = PBXBuildFile; fileRef = F674F9EC18DF3E8600521850 /* RMUpdateOrInsertOperation.m */; };
		F674F9F218DF402800521850 /* RMDeleteOperation.h in Headers */ = {isa = PBXBuildFile; fileRef = F674F9F018DF402800521850 /* RMDeleteOperation.h */; };
		F674F9F318DF402800521850 /* RMDeleteOperation.m in Sources */ = {isa = PBXBuildFile; fileRef = F674F9F118DF402800521850 /* RMDeleteOperation.m */; };
		F674F9F418DF402800521850 /* RMDeleteOperation.m in Sources */ = {isa = PBXBuildFile; fileRef = F674F9F118DF402800521850 /* RMDeleteOperation.m */; };
		F674F9F718DF403700521850 /* RMFetchOperation.h in Headers */ = {isa = PBXBuildFile; fileRef = F674F9F518DF403700521850 /* RMFetchOperation.h */; };
		F674F9F818DF403700521850 /* RMFetchOperation.m in Sources */ = {isa = PBXBuildFile; fileRef = F674F9F618DF403700521850 /* RMFetchOperation.m */; };
		F674F9F918DF403700521850 /* RMFetchOperation.m in Sources */ = {isa = PBXBuildFile; fileRef = F674F9F618DF403700521850 /* RMFetchOperation.m */; };
		F674F9FC18DF425700521850 /* RMOperation_SessionHandlerTests.m in Sources */ = {isa = PBXBuildFile; fileRef = F674F9FB18DF425700521850 /* RMOperation_SessionHandlerTests.m */; };
		F674F9FD18DF425700521850 /* RMOperation_SessionHandlerTests.m in Sources */ = {isa = PBXBuildFile; fileRef = F674F9FB18DF425700521850 /* RMOperation_SessionHandlerTests.m */; };
		F674FA0018DF678F00521850 /* RMMappingContext_AddResourcesTests.xcdatamodeld in Sources */ = {isa = PBXBuildFile; fileRef = F674F9FE18DF678F00521850 /* RMMappingContext_AddResourcesTests.xcdatamodeld */; };
		F674FA0118DF678F00521850 /* RMMappingContext_AddResourcesTests.xcdatamodeld in Sources */ = {isa = PBXBuildFile; fileRef = F674F9FE18DF678F00521850 /* RMMappingContext_AddResourcesTests.xcdatamodeld */; };
		F674FA0318DF68D400521850 /* RMMappingSessionContextManipulationTests.m in Sources */ = {isa = PBXBuildFile; fileRef = F674FA0218DF68D400521850 /* RMMappingSessionContextManipulationTests.m */; };
		F674FA0418DF68D400521850 /* RMMappingSessionContextManipulationTests.m in Sources */ = {isa = PBXBuildFile; fileRef = F674FA0218DF68D400521850 /* RMMappingSessionContextManipulationTests.m */; };
		F674FA0718DF68E100521850 /* RMMappingSessionContextManipulationTests.xcdatamodeld in Sources */ = {isa = PBXBuildFile; fileRef = F674FA0518DF68E100521850 /* RMMappingSessionContextManipulationTests.xcdatamodeld */; };
		F674FA0818DF68E100521850 /* RMMappingSessionContextManipulationTests.xcdatamodeld in Sources */ = {isa = PBXBuildFile; fileRef = F674FA0518DF68E100521850 /* RMMappingSessionContextManipulationTests.xcdatamodeld */; };
		F674FA0A18DF846A00521850 /* RMMappingSessionPropertyUpdateTests.m in Sources */ = {isa = PBXBuildFile; fileRef = F674FA0918DF846A00521850 /* RMMappingSessionPropertyUpdateTests.m */; };
		F674FA0B18DF846A00521850 /* RMMappingSessionPropertyUpdateTests.m in Sources */ = {isa = PBXBuildFile; fileRef = F674FA0918DF846A00521850 /* RMMappingSessionPropertyUpdateTests.m */; };
		F674FA0E18DF848A00521850 /* RMMappingSessionPropertyUpdateTests.xcdatamodeld in Sources */ = {isa = PBXBuildFile; fileRef = F674FA0C18DF848A00521850 /* RMMappingSessionPropertyUpdateTests.xcdatamodeld */; };
		F674FA0F18DF848A00521850 /* RMMappingSessionPropertyUpdateTests.xcdatamodeld in Sources */ = {isa = PBXBuildFile; fileRef = F674FA0C18DF848A00521850 /* RMMappingSessionPropertyUpdateTests.xcdatamodeld */; };
		F674FA1118DF8C0A00521850 /* RMMappingSessionManagedObjectForResourceTests.m in Sources */ = {isa = PBXBuildFile; fileRef = F674FA1018DF8C0A00521850 /* RMMappingSessionManagedObjectForResourceTests.m */; };
		F674FA1218DF8C0A00521850 /* RMMappingSessionManagedObjectForResourceTests.m in Sources */ = {isa = PBXBuildFile; fileRef = F674FA1018DF8C0A00521850 /* RMMappingSessionManagedObjectForResourceTests.m */; };
		F674FA1518DF8C2100521850 /* RMMappingSessionManagedObjectForResourceTests.xcdatamodeld in Sources */ = {isa = PBXBuildFile; fileRef = F674FA1318DF8C2100521850 /* RMMappingSessionManagedObjectForResourceTests.xcdatamodeld */; };
		F674FA1618DF8C2100521850 /* RMMappingSessionManagedObjectForResourceTests.xcdatamodeld in Sources */ = {isa = PBXBuildFile; fileRef = F674FA1318DF8C2100521850 /* RMMappingSessionManagedObjectForResourceTests.xcdatamodeld */; };
		F674FA1818DF9C5D00521850 /* RMOperationApplyTests.m in Sources */ = {isa = PBXBuildFile; fileRef = F674FA1718DF9C5D00521850 /* RMOperationApplyTests.m */; };
		F674FA1918DF9C5D00521850 /* RMOperationApplyTests.m in Sources */ = {isa = PBXBuildFile; fileRef = F674FA1718DF9C5D00521850 /* RMOperationApplyTests.m */; };
		F674FA2018DF9D5100521850 /* RMOperationApplyTests.xcdatamodeld in Sources */ = {isa = PBXBuildFile; fileRef = F674FA1E18DF9D5100521850 /* RMOperationApplyTests.xcdatamodeld */; };
		F674FA2118DF9D5100521850 /* RMOperationApplyTests.xcdatamodeld in Sources */ = {isa = PBXBuildFile; fileRef = F674FA1E18DF9D5100521850 /* RMOperationApplyTests.xcdatamodeld */; };
		F677AA04199CC35300171E65 /* NSManagedObject+ResourceMapper.h in Headers */ = {isa = PBXBuildFile; fileRef = F677AA02199CC35300171E65 /* NSManagedObject+ResourceMapper.h */; };
		F677AA05199CC35300171E65 /* NSManagedObject+ResourceMapper.m in Sources */ = {isa = PBXBuildFile; fileRef = F677AA03199CC35300171E65 /* NSManagedObject+ResourceMapper.m */; };
		F677AA06199CC35300171E65 /* NSManagedObject+ResourceMapper.m in Sources */ = {isa = PBXBuildFile; fileRef = F677AA03199CC35300171E65 /* NSManagedObject+ResourceMapper.m */; };
		F699E13A199E04C000CBF6A5 /* RMMapperTests.m in Sources */ = {isa = PBXBuildFile; fileRef = F699E139199E04C000CBF6A5 /* RMMapperTests.m */; };
		F699E13B199E04C000CBF6A5 /* RMMapperTests.m in Sources */ = {isa = PBXBuildFile; fileRef = F699E139199E04C000CBF6A5 /* RMMapperTests.m */; };
/* End PBXBuildFile section */

/* Begin PBXContainerItemProxy section */
		F63A75FB18CB89BC00A309F2 /* PBXContainerItemProxy */ = {
			isa = PBXContainerItemProxy;
			containerPortal = F63A75DD18CB89BC00A309F2 /* Project object */;
			proxyType = 1;
			remoteGlobalIDString = F63A75E418CB89BC00A309F2;
			remoteInfo = ResourceMapper;
		};
		F63A762618CB8A4E00A309F2 /* PBXContainerItemProxy */ = {
			isa = PBXContainerItemProxy;
			containerPortal = F63A75DD18CB89BC00A309F2 /* Project object */;
			proxyType = 1;
			remoteGlobalIDString = F63A761118CB8A4D00A309F2;
			remoteInfo = ResourceMapper;
		};
/* End PBXContainerItemProxy section */

/* Begin PBXCopyFilesBuildPhase section */
		F63A75E318CB89BC00A309F2 /* CopyFiles */ = {
			isa = PBXCopyFilesBuildPhase;
			buildActionMask = 2147483647;
			dstPath = "include/$(PRODUCT_NAME)";
			dstSubfolderSpec = 16;
			files = (
				F63A75EE18CB89BC00A309F2 /* ResourceMapper.h in CopyFiles */,
			);
			runOnlyForDeploymentPostprocessing = 0;
		};
/* End PBXCopyFilesBuildPhase section */

/* Begin PBXFileReference section */
		52E19ECAAA094D95807660BE /* libPods-ResourceMapperOSXTests.a */ = {isa = PBXFileReference; explicitFileType = archive.ar; includeInIndex = 0; path = "libPods-ResourceMapperOSXTests.a"; sourceTree = BUILT_PRODUCTS_DIR; };
		574BF999A8EA4BF88D0ABA06 /* Pods-ResourceMapperOSXTests.xcconfig */ = {isa = PBXFileReference; includeInIndex = 1; lastKnownFileType = text.xcconfig; name = "Pods-ResourceMapperOSXTests.xcconfig"; path = "../Pods/Pods-ResourceMapperOSXTests.xcconfig"; sourceTree = "<group>"; };
		C530E0F5039B492BB36E211F /* Pods-ResourceMapperiOSTests.xcconfig */ = {isa = PBXFileReference; includeInIndex = 1; lastKnownFileType = text.xcconfig; name = "Pods-ResourceMapperiOSTests.xcconfig"; path = "../Pods/Pods-ResourceMapperiOSTests.xcconfig"; sourceTree = "<group>"; };
		D5F0912840D94642B559EE4C /* libPods-ResourceMapperiOSTests.a */ = {isa = PBXFileReference; explicitFileType = archive.ar; includeInIndex = 0; path = "libPods-ResourceMapperiOSTests.a"; sourceTree = BUILT_PRODUCTS_DIR; };
		F61B133C19B9A3EF004BCB86 /* RMOperationApplyNullTests.m */ = {isa = PBXFileReference; fileEncoding = 4; lastKnownFileType = sourcecode.c.objc; path = RMOperationApplyNullTests.m; sourceTree = "<group>"; };
		F61B134019B9A424004BCB86 /* RMOperationApplyNullTests.xcdatamodel */ = {isa = PBXFileReference; lastKnownFileType = wrapper.xcdatamodel; path = RMOperationApplyNullTests.xcdatamodel; sourceTree = "<group>"; };
		F62E067918E0BF9800CA40CB /* RMMapper.h */ = {isa = PBXFileReference; fileEncoding = 4; lastKnownFileType = sourcecode.c.h; path = RMMapper.h; sourceTree = "<group>"; };
		F62E067A18E0BF9800CA40CB /* RMMapper.m */ = {isa = PBXFileReference; fileEncoding = 4; lastKnownFileType = sourcecode.c.objc; path = RMMapper.m; sourceTree = "<group>"; };
		F63A75E518CB89BC00A309F2 /* libResourceMapperiOS.a */ = {isa = PBXFileReference; explicitFileType = archive.ar; includeInIndex = 0; path = libResourceMapperiOS.a; sourceTree = BUILT_PRODUCTS_DIR; };
		F63A75E818CB89BC00A309F2 /* Foundation.framework */ = {isa = PBXFileReference; lastKnownFileType = wrapper.framework; name = Foundation.framework; path = System/Library/Frameworks/Foundation.framework; sourceTree = SDKROOT; };
		F63A75EC18CB89BC00A309F2 /* ResourceMapper-Prefix.pch */ = {isa = PBXFileReference; lastKnownFileType = sourcecode.c.h; path = "ResourceMapper-Prefix.pch"; sourceTree = "<group>"; };
		F63A75ED18CB89BC00A309F2 /* ResourceMapper.h */ = {isa = PBXFileReference; lastKnownFileType = sourcecode.c.h; path = ResourceMapper.h; sourceTree = "<group>"; };
		F63A75F518CB89BC00A309F2 /* ResourceMapperiOSTests.xctest */ = {isa = PBXFileReference; explicitFileType = wrapper.cfbundle; includeInIndex = 0; path = ResourceMapperiOSTests.xctest; sourceTree = BUILT_PRODUCTS_DIR; };
		F63A75F618CB89BC00A309F2 /* XCTest.framework */ = {isa = PBXFileReference; lastKnownFileType = wrapper.framework; name = XCTest.framework; path = Library/Frameworks/XCTest.framework; sourceTree = DEVELOPER_DIR; };
		F63A75F918CB89BC00A309F2 /* UIKit.framework */ = {isa = PBXFileReference; lastKnownFileType = wrapper.framework; name = UIKit.framework; path = Library/Frameworks/UIKit.framework; sourceTree = DEVELOPER_DIR; };
		F63A760018CB89BC00A309F2 /* ResourceMapperTests-Info.plist */ = {isa = PBXFileReference; lastKnownFileType = text.plist.xml; path = "ResourceMapperTests-Info.plist"; sourceTree = "<group>"; };
		F63A760218CB89BC00A309F2 /* en */ = {isa = PBXFileReference; lastKnownFileType = text.plist.strings; name = en; path = en.lproj/InfoPlist.strings; sourceTree = "<group>"; };
		F63A761218CB8A4D00A309F2 /* libResourceMapperOSX.a */ = {isa = PBXFileReference; explicitFileType = archive.ar; includeInIndex = 0; path = libResourceMapperOSX.a; sourceTree = BUILT_PRODUCTS_DIR; };
		F63A761318CB8A4E00A309F2 /* Cocoa.framework */ = {isa = PBXFileReference; lastKnownFileType = wrapper.framework; name = Cocoa.framework; path = Library/Frameworks/Cocoa.framework; sourceTree = DEVELOPER_DIR; };
		F63A761618CB8A4E00A309F2 /* Foundation.framework */ = {isa = PBXFileReference; lastKnownFileType = wrapper.framework; name = Foundation.framework; path = Library/Frameworks/Foundation.framework; sourceTree = SDKROOT; };
		F63A761718CB8A4E00A309F2 /* CoreData.framework */ = {isa = PBXFileReference; lastKnownFileType = wrapper.framework; name = CoreData.framework; path = Library/Frameworks/CoreData.framework; sourceTree = SDKROOT; };
		F63A761818CB8A4E00A309F2 /* AppKit.framework */ = {isa = PBXFileReference; lastKnownFileType = wrapper.framework; name = AppKit.framework; path = Library/Frameworks/AppKit.framework; sourceTree = SDKROOT; };
		F63A762318CB8A4E00A309F2 /* ResourceMapperOSXTests.xctest */ = {isa = PBXFileReference; explicitFileType = wrapper.cfbundle; includeInIndex = 0; path = ResourceMapperOSXTests.xctest; sourceTree = BUILT_PRODUCTS_DIR; };
		F63A763918CB939100A309F2 /* NSManagedObjectContext+Private.h */ = {isa = PBXFileReference; fileEncoding = 4; lastKnownFileType = sourcecode.c.h; path = "NSManagedObjectContext+Private.h"; sourceTree = "<group>"; };
		F63A763A18CB939100A309F2 /* NSManagedObjectContext+Private.m */ = {isa = PBXFileReference; fileEncoding = 4; lastKnownFileType = sourcecode.c.objc; path = "NSManagedObjectContext+Private.m"; sourceTree = "<group>"; };
		F63A763E18CB93E500A309F2 /* NSSortDescriptor+Private.h */ = {isa = PBXFileReference; fileEncoding = 4; lastKnownFileType = sourcecode.c.h; path = "NSSortDescriptor+Private.h"; sourceTree = "<group>"; };
		F63A763F18CB93E500A309F2 /* NSSortDescriptor+Private.m */ = {isa = PBXFileReference; fileEncoding = 4; lastKnownFileType = sourcecode.c.objc; path = "NSSortDescriptor+Private.m"; sourceTree = "<group>"; };
		F63A764318CB944100A309F2 /* RMMangedObjectContextTestCase.m */ = {isa = PBXFileReference; fileEncoding = 4; lastKnownFileType = sourcecode.c.objc; path = RMMangedObjectContextTestCase.m; sourceTree = "<group>"; };
		F63A764618CB948C00A309F2 /* RMMangedObjectContextTestCase.h */ = {isa = PBXFileReference; lastKnownFileType = sourcecode.c.h; path = RMMangedObjectContextTestCase.h; sourceTree = "<group>"; };
		F63A764718CB94F100A309F2 /* NSManagedObjectContextTests.m */ = {isa = PBXFileReference; fileEncoding = 4; lastKnownFileType = sourcecode.c.objc; path = NSManagedObjectContextTests.m; sourceTree = "<group>"; };
		F63A764B18CB957700A309F2 /* Model.xcdatamodel */ = {isa = PBXFileReference; lastKnownFileType = wrapper.xcdatamodel; path = Model.xcdatamodel; sourceTree = "<group>"; };
		F63A765118CB96D000A309F2 /* ResourceMapper+Private.h */ = {isa = PBXFileReference; fileEncoding = 4; lastKnownFileType = sourcecode.c.h; path = "ResourceMapper+Private.h"; sourceTree = "<group>"; };
		F63A765818CBA22B00A309F2 /* NSEntityDescription+Private.h */ = {isa = PBXFileReference; fileEncoding = 4; lastKnownFileType = sourcecode.c.h; path = "NSEntityDescription+Private.h"; sourceTree = "<group>"; };
		F63A765918CBA22B00A309F2 /* NSEntityDescription+Private.m */ = {isa = PBXFileReference; fileEncoding = 4; lastKnownFileType = sourcecode.c.objc; path = "NSEntityDescription+Private.m"; sourceTree = "<group>"; };
		F63A765D18CBA2C100A309F2 /* NSEntityDescriptionTests.m */ = {isa = PBXFileReference; fileEncoding = 4; lastKnownFileType = sourcecode.c.objc; path = NSEntityDescriptionTests.m; sourceTree = "<group>"; };
		F63A766218CBA30900A309F2 /* RMManagedObjectModelTestCase.h */ = {isa = PBXFileReference; fileEncoding = 4; lastKnownFileType = sourcecode.c.h; path = RMManagedObjectModelTestCase.h; sourceTree = "<group>"; };
		F63A766318CBA30900A309F2 /* RMManagedObjectModelTestCase.m */ = {isa = PBXFileReference; fileEncoding = 4; lastKnownFileType = sourcecode.c.objc; path = RMManagedObjectModelTestCase.m; sourceTree = "<group>"; };
		F63A767B18CBBF2A00A309F2 /* RMMappingSession.h */ = {isa = PBXFileReference; fileEncoding = 4; lastKnownFileType = sourcecode.c.h; path = RMMappingSession.h; sourceTree = "<group>"; };
		F63A767C18CBBF2A00A309F2 /* RMMappingSession.m */ = {isa = PBXFileReference; fileEncoding = 4; lastKnownFileType = sourcecode.c.objc; path = RMMappingSession.m; sourceTree = "<group>"; };
		F63A768A18CBD42E00A309F2 /* NSObject+Private.h */ = {isa = PBXFileReference; fileEncoding = 4; lastKnownFileType = sourcecode.c.h; path = "NSObject+Private.h"; sourceTree = "<group>"; };
		F63A768B18CBD42E00A309F2 /* NSObject+Private.m */ = {isa = PBXFileReference; fileEncoding = 4; lastKnownFileType = sourcecode.c.objc; path = "NSObject+Private.m"; sourceTree = "<group>"; };
		F63A769018CD16C000A309F2 /* RMMappingContext_AddResourcesTests.m */ = {isa = PBXFileReference; fileEncoding = 4; lastKnownFileType = sourcecode.c.objc; path = RMMappingContext_AddResourcesTests.m; sourceTree = "<group>"; };
		F63A769318CD18C400A309F2 /* RMMappingContext.h */ = {isa = PBXFileReference; fileEncoding = 4; lastKnownFileType = sourcecode.c.h; path = RMMappingContext.h; sourceTree = "<group>"; };
		F63A769418CD18C400A309F2 /* RMMappingContext.m */ = {isa = PBXFileReference; fileEncoding = 4; lastKnownFileType = sourcecode.c.objc; path = RMMappingContext.m; sourceTree = "<group>"; };
		F63CF1A618CD2DDC00B29969 /* RMCombiningProxy.h */ = {isa = PBXFileReference; fileEncoding = 4; lastKnownFileType = sourcecode.c.h; path = RMCombiningProxy.h; sourceTree = "<group>"; };
		F63CF1A718CD2DDC00B29969 /* RMCombiningProxy.m */ = {isa = PBXFileReference; fileEncoding = 4; lastKnownFileType = sourcecode.c.objc; path = RMCombiningProxy.m; sourceTree = "<group>"; };
		F64F655A19D412DE00DE602A /* NSRelationshipDescription+Private.h */ = {isa = PBXFileReference; fileEncoding = 4; lastKnownFileType = sourcecode.c.h; path = "NSRelationshipDescription+Private.h"; sourceTree = "<group>"; };
		F64F655B19D412DE00DE602A /* NSRelationshipDescription+Private.m */ = {isa = PBXFileReference; fileEncoding = 4; lastKnownFileType = sourcecode.c.objc; path = "NSRelationshipDescription+Private.m"; sourceTree = "<group>"; };
		F674F99A18D8DE6D00521850 /* RMDependencyPathTests.m */ = {isa = PBXFileReference; fileEncoding = 4; lastKnownFileType = sourcecode.c.objc; path = RMDependencyPathTests.m; sourceTree = "<group>"; };
		F674F99E18D8DED200521850 /* RMDependencyPathTests.xcdatamodel */ = {isa = PBXFileReference; lastKnownFileType = wrapper.xcdatamodel; path = RMDependencyPathTests.xcdatamodel; sourceTree = "<group>"; };
		F674F9B118D8F87900521850 /* RMResourceTraversalMappingCallbackTests.m */ = {isa = PBXFileReference; fileEncoding = 4; lastKnownFileType = sourcecode.c.objc; path = RMResourceTraversalMappingCallbackTests.m; sourceTree = "<group>"; };
		F674F9B518D8F89A00521850 /* RMResourceTraversalMappingCallbackTests.xcdatamodel */ = {isa = PBXFileReference; lastKnownFileType = wrapper.xcdatamodel; path = RMResourceTraversalMappingCallbackTests.xcdatamodel; sourceTree = "<group>"; };
		F674F9BB18D8FCCD00521850 /* RMResourceTraversalDependencyTests.m */ = {isa = PBXFileReference; fileEncoding = 4; lastKnownFileType = sourcecode.c.objc; path = RMResourceTraversalDependencyTests.m; sourceTree = "<group>"; };
		F674F9BF18D8FCE500521850 /* RMResourceTraversalDependencyTests.xcdatamodel */ = {isa = PBXFileReference; lastKnownFileType = wrapper.xcdatamodel; path = RMResourceTraversalDependencyTests.xcdatamodel; sourceTree = "<group>"; };
		F674F9C318DA1D4900521850 /* RMRelationshipPath.h */ = {isa = PBXFileReference; fileEncoding = 4; lastKnownFileType = sourcecode.c.h; path = RMRelationshipPath.h; sourceTree = "<group>"; };
		F674F9C418DA1D4900521850 /* RMRelationshipPath.m */ = {isa = PBXFileReference; fileEncoding = 4; lastKnownFileType = sourcecode.c.objc; path = RMRelationshipPath.m; sourceTree = "<group>"; };
		F674F9CD18DA472600521850 /* RMDependency.h */ = {isa = PBXFileReference; fileEncoding = 4; lastKnownFileType = sourcecode.c.h; path = RMDependency.h; sourceTree = "<group>"; };
		F674F9CE18DA472600521850 /* RMDependency.m */ = {isa = PBXFileReference; fileEncoding = 4; lastKnownFileType = sourcecode.c.objc; path = RMDependency.m; sourceTree = "<group>"; };
		F674F9D818DD9D5700521850 /* RMMappingStep.h */ = {isa = PBXFileReference; fileEncoding = 4; lastKnownFileType = sourcecode.c.h; path = RMMappingStep.h; sourceTree = "<group>"; };
		F674F9D918DD9D5700521850 /* RMMappingStep.m */ = {isa = PBXFileReference; fileEncoding = 4; lastKnownFileType = sourcecode.c.objc; path = RMMappingStep.m; sourceTree = "<group>"; };
		F674F9DE18DDF2F000521850 /* RMMappingStepTests.m */ = {isa = PBXFileReference; fileEncoding = 4; lastKnownFileType = sourcecode.c.objc; path = RMMappingStepTests.m; sourceTree = "<group>"; };
		F674F9E218DDF30F00521850 /* RMMappingStepTests.xcdatamodel */ = {isa = PBXFileReference; lastKnownFileType = wrapper.xcdatamodel; path = RMMappingStepTests.xcdatamodel; sourceTree = "<group>"; };
		F674F9E518DE235500521850 /* RMOperation.h */ = {isa = PBXFileReference; fileEncoding = 4; lastKnownFileType = sourcecode.c.h; lineEnding = 0; path = RMOperation.h; sourceTree = "<group>"; xcLanguageSpecificationIdentifier = xcode.lang.objcpp; };
		F674F9E618DE235500521850 /* RMOperation.m */ = {isa = PBXFileReference; fileEncoding = 4; lastKnownFileType = sourcecode.c.objc; lineEnding = 0; path = RMOperation.m; sourceTree = "<group>"; xcLanguageSpecificationIdentifier = xcode.lang.objc; };
		F674F9EB18DF3E8600521850 /* RMUpdateOrInsertOperation.h */ = {isa = PBXFileReference; fileEncoding = 4; lastKnownFileType = sourcecode.c.h; path = RMUpdateOrInsertOperation.h; sourceTree = "<group>"; };
		F674F9EC18DF3E8600521850 /* RMUpdateOrInsertOperation.m */ = {isa = PBXFileReference; fileEncoding = 4; lastKnownFileType = sourcecode.c.objc; lineEnding = 0; path = RMUpdateOrInsertOperation.m; sourceTree = "<group>"; xcLanguageSpecificationIdentifier = xcode.lang.objc; };
		F674F9F018DF402800521850 /* RMDeleteOperation.h */ = {isa = PBXFileReference; fileEncoding = 4; lastKnownFileType = sourcecode.c.h; path = RMDeleteOperation.h; sourceTree = "<group>"; };
		F674F9F118DF402800521850 /* RMDeleteOperation.m */ = {isa = PBXFileReference; fileEncoding = 4; lastKnownFileType = sourcecode.c.objc; lineEnding = 0; path = RMDeleteOperation.m; sourceTree = "<group>"; xcLanguageSpecificationIdentifier = xcode.lang.objc; };
		F674F9F518DF403700521850 /* RMFetchOperation.h */ = {isa = PBXFileReference; fileEncoding = 4; lastKnownFileType = sourcecode.c.h; path = RMFetchOperation.h; sourceTree = "<group>"; };
		F674F9F618DF403700521850 /* RMFetchOperation.m */ = {isa = PBXFileReference; fileEncoding = 4; lastKnownFileType = sourcecode.c.objc; lineEnding = 0; path = RMFetchOperation.m; sourceTree = "<group>"; xcLanguageSpecificationIdentifier = xcode.lang.objc; };
		F674F9FB18DF425700521850 /* RMOperation_SessionHandlerTests.m */ = {isa = PBXFileReference; fileEncoding = 4; lastKnownFileType = sourcecode.c.objc; lineEnding = 0; path = RMOperation_SessionHandlerTests.m; sourceTree = "<group>"; xcLanguageSpecificationIdentifier = xcode.lang.objc; };
		F674F9FF18DF678F00521850 /* RMMappingContext_AddResourcesTests.xcdatamodel */ = {isa = PBXFileReference; lastKnownFileType = wrapper.xcdatamodel; path = RMMappingContext_AddResourcesTests.xcdatamodel; sourceTree = "<group>"; };
		F674FA0218DF68D400521850 /* RMMappingSessionContextManipulationTests.m */ = {isa = PBXFileReference; fileEncoding = 4; lastKnownFileType = sourcecode.c.objc; path = RMMappingSessionContextManipulationTests.m; sourceTree = "<group>"; };
		F674FA0618DF68E100521850 /* RMMappingSessionContextManipulationTests.xcdatamodel */ = {isa = PBXFileReference; lastKnownFileType = wrapper.xcdatamodel; path = RMMappingSessionContextManipulationTests.xcdatamodel; sourceTree = "<group>"; };
		F674FA0918DF846A00521850 /* RMMappingSessionPropertyUpdateTests.m */ = {isa = PBXFileReference; fileEncoding = 4; lastKnownFileType = sourcecode.c.objc; path = RMMappingSessionPropertyUpdateTests.m; sourceTree = "<group>"; };
		F674FA0D18DF848A00521850 /* RMMappingSessionPropertyUpdateTests.xcdatamodel */ = {isa = PBXFileReference; lastKnownFileType = wrapper.xcdatamodel; path = RMMappingSessionPropertyUpdateTests.xcdatamodel; sourceTree = "<group>"; };
		F674FA1018DF8C0A00521850 /* RMMappingSessionManagedObjectForResourceTests.m */ = {isa = PBXFileReference; fileEncoding = 4; lastKnownFileType = sourcecode.c.objc; path = RMMappingSessionManagedObjectForResourceTests.m; sourceTree = "<group>"; };
		F674FA1418DF8C2100521850 /* RMMappingSessionManagedObjectForResourceTests.xcdatamodel */ = {isa = PBXFileReference; lastKnownFileType = wrapper.xcdatamodel; path = RMMappingSessionManagedObjectForResourceTests.xcdatamodel; sourceTree = "<group>"; };
		F674FA1718DF9C5D00521850 /* RMOperationApplyTests.m */ = {isa = PBXFileReference; fileEncoding = 4; lastKnownFileType = sourcecode.c.objc; path = RMOperationApplyTests.m; sourceTree = "<group>"; };
		F674FA1F18DF9D5100521850 /* RMMappingContext_AddResourcesTests.xcdatamodel */ = {isa = PBXFileReference; lastKnownFileType = wrapper.xcdatamodel; path = RMMappingContext_AddResourcesTests.xcdatamodel; sourceTree = "<group>"; };
		F677AA02199CC35300171E65 /* NSManagedObject+ResourceMapper.h */ = {isa = PBXFileReference; fileEncoding = 4; lastKnownFileType = sourcecode.c.h; path = "NSManagedObject+ResourceMapper.h"; sourceTree = "<group>"; };
		F677AA03199CC35300171E65 /* NSManagedObject+ResourceMapper.m */ = {isa = PBXFileReference; fileEncoding = 4; lastKnownFileType = sourcecode.c.objc; path = "NSManagedObject+ResourceMapper.m"; sourceTree = "<group>"; };
		F699E139199E04C000CBF6A5 /* RMMapperTests.m */ = {isa = PBXFileReference; fileEncoding = 4; lastKnownFileType = sourcecode.c.objc; path = RMMapperTests.m; sourceTree = "<group>"; };
/* End PBXFileReference section */

/* Begin PBXFrameworksBuildPhase section */
		F63A75E218CB89BC00A309F2 /* Frameworks */ = {
			isa = PBXFrameworksBuildPhase;
			buildActionMask = 2147483647;
			files = (
				F63A75E918CB89BC00A309F2 /* Foundation.framework in Frameworks */,
			);
			runOnlyForDeploymentPostprocessing = 0;
		};
		F63A75F218CB89BC00A309F2 /* Frameworks */ = {
			isa = PBXFrameworksBuildPhase;
			buildActionMask = 2147483647;
			files = (
				F63A75F718CB89BC00A309F2 /* XCTest.framework in Frameworks */,
				F63A75FA18CB89BC00A309F2 /* UIKit.framework in Frameworks */,
				F63A75FD18CB89BC00A309F2 /* libResourceMapperiOS.a in Frameworks */,
				F63A75F818CB89BC00A309F2 /* Foundation.framework in Frameworks */,
				59DB1581AE8043C881E86AD8 /* libPods-ResourceMapperiOSTests.a in Frameworks */,
			);
			runOnlyForDeploymentPostprocessing = 0;
		};
		F63A760F18CB8A4D00A309F2 /* Frameworks */ = {
			isa = PBXFrameworksBuildPhase;
			buildActionMask = 2147483647;
			files = (
				F63A761418CB8A4E00A309F2 /* Cocoa.framework in Frameworks */,
			);
			runOnlyForDeploymentPostprocessing = 0;
		};
		F63A762018CB8A4E00A309F2 /* Frameworks */ = {
			isa = PBXFrameworksBuildPhase;
			buildActionMask = 2147483647;
			files = (
				F63A762818CB8A4E00A309F2 /* libResourceMapperOSX.a in Frameworks */,
				F63A762518CB8A4E00A309F2 /* Cocoa.framework in Frameworks */,
				F63A762418CB8A4E00A309F2 /* XCTest.framework in Frameworks */,
				8E9EB740BB834AA385F0D139 /* libPods-ResourceMapperOSXTests.a in Frameworks */,
			);
			runOnlyForDeploymentPostprocessing = 0;
		};
/* End PBXFrameworksBuildPhase section */

/* Begin PBXGroup section */
		F63A75DC18CB89BC00A309F2 = {
			isa = PBXGroup;
			children = (
				F63A75EA18CB89BC00A309F2 /* Resource Mapper */,
				F63A75FE18CB89BC00A309F2 /* Resource Mapper Tests */,
				F63A75E718CB89BC00A309F2 /* Frameworks */,
				F63A75E618CB89BC00A309F2 /* Products */,
				574BF999A8EA4BF88D0ABA06 /* Pods-ResourceMapperOSXTests.xcconfig */,
				C530E0F5039B492BB36E211F /* Pods-ResourceMapperiOSTests.xcconfig */,
			);
			sourceTree = "<group>";
		};
		F63A75E618CB89BC00A309F2 /* Products */ = {
			isa = PBXGroup;
			children = (
				F63A75E518CB89BC00A309F2 /* libResourceMapperiOS.a */,
				F63A75F518CB89BC00A309F2 /* ResourceMapperiOSTests.xctest */,
				F63A761218CB8A4D00A309F2 /* libResourceMapperOSX.a */,
				F63A762318CB8A4E00A309F2 /* ResourceMapperOSXTests.xctest */,
			);
			name = Products;
			sourceTree = "<group>";
		};
		F63A75E718CB89BC00A309F2 /* Frameworks */ = {
			isa = PBXGroup;
			children = (
				F63A75E818CB89BC00A309F2 /* Foundation.framework */,
				F63A75F618CB89BC00A309F2 /* XCTest.framework */,
				F63A75F918CB89BC00A309F2 /* UIKit.framework */,
				F63A761318CB8A4E00A309F2 /* Cocoa.framework */,
				F63A761518CB8A4E00A309F2 /* Other Frameworks */,
				52E19ECAAA094D95807660BE /* libPods-ResourceMapperOSXTests.a */,
				D5F0912840D94642B559EE4C /* libPods-ResourceMapperiOSTests.a */,
			);
			name = Frameworks;
			sourceTree = "<group>";
		};
		F63A75EA18CB89BC00A309F2 /* Resource Mapper */ = {
			isa = PBXGroup;
			children = (
				F63A763718CB8D0100A309F2 /* Public */,
				F63A763818CB8D0700A309F2 /* Private */,
				F63A75EB18CB89BC00A309F2 /* Supporting Files */,
			);
			name = "Resource Mapper";
			path = ResourceMapper;
			sourceTree = "<group>";
		};
		F63A75EB18CB89BC00A309F2 /* Supporting Files */ = {
			isa = PBXGroup;
			children = (
				F63A75EC18CB89BC00A309F2 /* ResourceMapper-Prefix.pch */,
			);
			name = "Supporting Files";
			sourceTree = "<group>";
		};
		F63A75FE18CB89BC00A309F2 /* Resource Mapper Tests */ = {
			isa = PBXGroup;
			children = (
				F699E139199E04C000CBF6A5 /* RMMapperTests.m */,
				F674FA2718E0B22B00521850 /* Mapping Context & Dependency */,
				F674F9FA18DF422700521850 /* Operation & Session */,
				F63A764F18CB966800A309F2 /* Core Data Additions Tests */,
				F63A75FF18CB89BC00A309F2 /* Supporting Files */,
			);
			name = "Resource Mapper Tests";
			path = ResourceMapperTests;
			sourceTree = "<group>";
		};
		F63A75FF18CB89BC00A309F2 /* Supporting Files */ = {
			isa = PBXGroup;
			children = (
				F63A764E18CB966200A309F2 /* Model */,
				F63A766618CBA47100A309F2 /* CoreData TestCases */,
				F63A760018CB89BC00A309F2 /* ResourceMapperTests-Info.plist */,
				F63A760118CB89BC00A309F2 /* InfoPlist.strings */,
			);
			name = "Supporting Files";
			sourceTree = "<group>";
		};
		F63A761518CB8A4E00A309F2 /* Other Frameworks */ = {
			isa = PBXGroup;
			children = (
				F63A761618CB8A4E00A309F2 /* Foundation.framework */,
				F63A761718CB8A4E00A309F2 /* CoreData.framework */,
				F63A761818CB8A4E00A309F2 /* AppKit.framework */,
			);
			name = "Other Frameworks";
			sourceTree = "<group>";
		};
		F63A763718CB8D0100A309F2 /* Public */ = {
			isa = PBXGroup;
			children = (
				F63A75ED18CB89BC00A309F2 /* ResourceMapper.h */,
				F62E067918E0BF9800CA40CB /* RMMapper.h */,
				F62E067A18E0BF9800CA40CB /* RMMapper.m */,
				F677AA02199CC35300171E65 /* NSManagedObject+ResourceMapper.h */,
				F677AA03199CC35300171E65 /* NSManagedObject+ResourceMapper.m */,
			);
			path = Public;
			sourceTree = "<group>";
		};
		F63A763818CB8D0700A309F2 /* Private */ = {
			isa = PBXGroup;
			children = (
				F63A765118CB96D000A309F2 /* ResourceMapper+Private.h */,
				F63A769818CD18D000A309F2 /* Mapping Context & Dependency */,
				F674F9EA18DE235C00521850 /* Operation & Session */,
				F63A767918CBBDFC00A309F2 /* Proxy */,
				F63A765718CB978E00A309F2 /* Foundation Additions */,
				F63A765618CB978200A309F2 /* Core Data Additions */,
			);
			path = Private;
			sourceTree = "<group>";
		};
		F63A764E18CB966200A309F2 /* Model */ = {
			isa = PBXGroup;
			children = (
				F63A764A18CB957700A309F2 /* Model.xcdatamodeld */,
			);
			name = Model;
			sourceTree = "<group>";
		};
		F63A764F18CB966800A309F2 /* Core Data Additions Tests */ = {
			isa = PBXGroup;
			children = (
				F63A765D18CBA2C100A309F2 /* NSEntityDescriptionTests.m */,
				F63A764718CB94F100A309F2 /* NSManagedObjectContextTests.m */,
			);
			name = "Core Data Additions Tests";
			sourceTree = "<group>";
		};
		F63A765618CB978200A309F2 /* Core Data Additions */ = {
			isa = PBXGroup;
			children = (
				F63A765818CBA22B00A309F2 /* NSEntityDescription+Private.h */,
				F63A765918CBA22B00A309F2 /* NSEntityDescription+Private.m */,
				F63A763918CB939100A309F2 /* NSManagedObjectContext+Private.h */,
				F63A763A18CB939100A309F2 /* NSManagedObjectContext+Private.m */,
				F64F655A19D412DE00DE602A /* NSRelationshipDescription+Private.h */,
				F64F655B19D412DE00DE602A /* NSRelationshipDescription+Private.m */,
			);
			name = "Core Data Additions";
			sourceTree = "<group>";
		};
		F63A765718CB978E00A309F2 /* Foundation Additions */ = {
			isa = PBXGroup;
			children = (
				F63A768A18CBD42E00A309F2 /* NSObject+Private.h */,
				F63A768B18CBD42E00A309F2 /* NSObject+Private.m */,
				F63A763E18CB93E500A309F2 /* NSSortDescriptor+Private.h */,
				F63A763F18CB93E500A309F2 /* NSSortDescriptor+Private.m */,
			);
			name = "Foundation Additions";
			sourceTree = "<group>";
		};
		F63A766618CBA47100A309F2 /* CoreData TestCases */ = {
			isa = PBXGroup;
			children = (
				F63A766218CBA30900A309F2 /* RMManagedObjectModelTestCase.h */,
				F63A766318CBA30900A309F2 /* RMManagedObjectModelTestCase.m */,
				F63A764618CB948C00A309F2 /* RMMangedObjectContextTestCase.h */,
				F63A764318CB944100A309F2 /* RMMangedObjectContextTestCase.m */,
			);
			name = "CoreData TestCases";
			sourceTree = "<group>";
		};
		F63A767918CBBDFC00A309F2 /* Proxy */ = {
			isa = PBXGroup;
			children = (
				F63CF1A618CD2DDC00B29969 /* RMCombiningProxy.h */,
				F63CF1A718CD2DDC00B29969 /* RMCombiningProxy.m */,
			);
			name = Proxy;
			sourceTree = "<group>";
		};
		F63A769818CD18D000A309F2 /* Mapping Context & Dependency */ = {
			isa = PBXGroup;
			children = (
				F63A769318CD18C400A309F2 /* RMMappingContext.h */,
				F63A769418CD18C400A309F2 /* RMMappingContext.m */,
				F674F9D818DD9D5700521850 /* RMMappingStep.h */,
				F674F9D918DD9D5700521850 /* RMMappingStep.m */,
				F674F9C318DA1D4900521850 /* RMRelationshipPath.h */,
				F674F9C418DA1D4900521850 /* RMRelationshipPath.m */,
				F674F9CD18DA472600521850 /* RMDependency.h */,
				F674F9CE18DA472600521850 /* RMDependency.m */,
			);
			name = "Mapping Context & Dependency";
			sourceTree = "<group>";
		};
		F674F9EA18DE235C00521850 /* Operation & Session */ = {
			isa = PBXGroup;
			children = (
				F674F9E518DE235500521850 /* RMOperation.h */,
				F674F9E618DE235500521850 /* RMOperation.m */,
				F674F9EB18DF3E8600521850 /* RMUpdateOrInsertOperation.h */,
				F674F9EC18DF3E8600521850 /* RMUpdateOrInsertOperation.m */,
				F674F9F018DF402800521850 /* RMDeleteOperation.h */,
				F674F9F118DF402800521850 /* RMDeleteOperation.m */,
				F674F9F518DF403700521850 /* RMFetchOperation.h */,
				F674F9F618DF403700521850 /* RMFetchOperation.m */,
				F63A767B18CBBF2A00A309F2 /* RMMappingSession.h */,
				F63A767C18CBBF2A00A309F2 /* RMMappingSession.m */,
			);
			name = "Operation & Session";
			sourceTree = "<group>";
		};
		F674F9FA18DF422700521850 /* Operation & Session */ = {
			isa = PBXGroup;
			children = (
				F674F9FB18DF425700521850 /* RMOperation_SessionHandlerTests.m */,
				F674FA1718DF9C5D00521850 /* RMOperationApplyTests.m */,
				F674FA1E18DF9D5100521850 /* RMOperationApplyTests.xcdatamodeld */,
				F61B133C19B9A3EF004BCB86 /* RMOperationApplyNullTests.m */,
				F61B133F19B9A424004BCB86 /* RMOperationApplyNullTests.xcdatamodeld */,
				F674FA0218DF68D400521850 /* RMMappingSessionContextManipulationTests.m */,
				F674FA0518DF68E100521850 /* RMMappingSessionContextManipulationTests.xcdatamodeld */,
				F674FA0918DF846A00521850 /* RMMappingSessionPropertyUpdateTests.m */,
				F674FA0C18DF848A00521850 /* RMMappingSessionPropertyUpdateTests.xcdatamodeld */,
				F674FA1018DF8C0A00521850 /* RMMappingSessionManagedObjectForResourceTests.m */,
				F674FA1318DF8C2100521850 /* RMMappingSessionManagedObjectForResourceTests.xcdatamodeld */,
			);
			name = "Operation & Session";
			sourceTree = "<group>";
		};
		F674FA2718E0B22B00521850 /* Mapping Context & Dependency */ = {
			isa = PBXGroup;
			children = (
				F674F99A18D8DE6D00521850 /* RMDependencyPathTests.m */,
				F674F99D18D8DED200521850 /* RMDependencyPathTests.xcdatamodeld */,
				F674F9B118D8F87900521850 /* RMResourceTraversalMappingCallbackTests.m */,
				F674F9B418D8F89A00521850 /* RMResourceTraversalMappingCallbackTests.xcdatamodeld */,
				F674F9BB18D8FCCD00521850 /* RMResourceTraversalDependencyTests.m */,
				F674F9BE18D8FCE500521850 /* RMResourceTraversalDependencyTests.xcdatamodeld */,
				F63A769018CD16C000A309F2 /* RMMappingContext_AddResourcesTests.m */,
				F674F9FE18DF678F00521850 /* RMMappingContext_AddResourcesTests.xcdatamodeld */,
				F674F9DE18DDF2F000521850 /* RMMappingStepTests.m */,
				F674F9E118DDF30F00521850 /* RMMappingStepTests.xcdatamodeld */,
			);
			name = "Mapping Context & Dependency";
			sourceTree = "<group>";
		};
/* End PBXGroup section */

/* Begin PBXHeadersBuildPhase section */
		F63A761018CB8A4D00A309F2 /* Headers */ = {
			isa = PBXHeadersBuildPhase;
			buildActionMask = 2147483647;
			files = (
				F677AA04199CC35300171E65 /* NSManagedObject+ResourceMapper.h in Headers */,
				F674F9ED18DF3E8600521850 /* RMUpdateOrInsertOperation.h in Headers */,
				F674F9C518DA1D4900521850 /* RMRelationshipPath.h in Headers */,
				F63A764018CB93E500A309F2 /* NSSortDescriptor+Private.h in Headers */,
				F63A763B18CB939100A309F2 /* NSManagedObjectContext+Private.h in Headers */,
				F62E067B18E0BF9800CA40CB /* RMMapper.h in Headers */,
				F63A765318CB96D000A309F2 /* ResourceMapper+Private.h in Headers */,
				F63A768C18CBD42E00A309F2 /* NSObject+Private.h in Headers */,
				F64F655C19D412DE00DE602A /* NSRelationshipDescription+Private.h in Headers */,
				F63A767D18CBBF2A00A309F2 /* RMMappingSession.h in Headers */,
				F63CF1A818CD2DDC00B29969 /* RMCombiningProxy.h in Headers */,
				F674F9F718DF403700521850 /* RMFetchOperation.h in Headers */,
				F674F9E718DE235500521850 /* RMOperation.h in Headers */,
				F674F9DA18DD9D5700521850 /* RMMappingStep.h in Headers */,
				F674F9F218DF402800521850 /* RMDeleteOperation.h in Headers */,
				F63A769518CD18C400A309F2 /* RMMappingContext.h in Headers */,
				F674F9CF18DA472600521850 /* RMDependency.h in Headers */,
				F63A765A18CBA22B00A309F2 /* NSEntityDescription+Private.h in Headers */,
			);
			runOnlyForDeploymentPostprocessing = 0;
		};
/* End PBXHeadersBuildPhase section */

/* Begin PBXNativeTarget section */
		F63A75E418CB89BC00A309F2 /* ResourceMapperiOS */ = {
			isa = PBXNativeTarget;
			buildConfigurationList = F63A760818CB89BC00A309F2 /* Build configuration list for PBXNativeTarget "ResourceMapperiOS" */;
			buildPhases = (
				F63A75E118CB89BC00A309F2 /* Sources */,
				F63A75E218CB89BC00A309F2 /* Frameworks */,
				F63A75E318CB89BC00A309F2 /* CopyFiles */,
			);
			buildRules = (
			);
			dependencies = (
			);
			name = ResourceMapperiOS;
			productName = ResourceMapper;
			productReference = F63A75E518CB89BC00A309F2 /* libResourceMapperiOS.a */;
			productType = "com.apple.product-type.library.static";
		};
		F63A75F418CB89BC00A309F2 /* ResourceMapperiOSTests */ = {
			isa = PBXNativeTarget;
			buildConfigurationList = F63A760B18CB89BC00A309F2 /* Build configuration list for PBXNativeTarget "ResourceMapperiOSTests" */;
			buildPhases = (
				0C5D357C675A4D268CD8250C /* Check Pods Manifest.lock */,
				F63A75F118CB89BC00A309F2 /* Sources */,
				F63A75F218CB89BC00A309F2 /* Frameworks */,
				F63A75F318CB89BC00A309F2 /* Resources */,
				5C5F6969D3654FF4B4BFB891 /* Copy Pods Resources */,
			);
			buildRules = (
			);
			dependencies = (
				F63A75FC18CB89BC00A309F2 /* PBXTargetDependency */,
			);
			name = ResourceMapperiOSTests;
			productName = ResourceMapperTests;
			productReference = F63A75F518CB89BC00A309F2 /* ResourceMapperiOSTests.xctest */;
			productType = "com.apple.product-type.bundle.unit-test";
		};
		F63A761118CB8A4D00A309F2 /* ResourceMapperOSX */ = {
			isa = PBXNativeTarget;
			buildConfigurationList = F63A763118CB8A4E00A309F2 /* Build configuration list for PBXNativeTarget "ResourceMapperOSX" */;
			buildPhases = (
				F63A760E18CB8A4D00A309F2 /* Sources */,
				F63A760F18CB8A4D00A309F2 /* Frameworks */,
				F63A761018CB8A4D00A309F2 /* Headers */,
			);
			buildRules = (
			);
			dependencies = (
			);
			name = ResourceMapperOSX;
			productName = ResourceMapper;
			productReference = F63A761218CB8A4D00A309F2 /* libResourceMapperOSX.a */;
			productType = "com.apple.product-type.library.static";
		};
		F63A762218CB8A4E00A309F2 /* ResourceMapperOSXTests */ = {
			isa = PBXNativeTarget;
			buildConfigurationList = F63A763418CB8A4E00A309F2 /* Build configuration list for PBXNativeTarget "ResourceMapperOSXTests" */;
			buildPhases = (
				50256374D89F4A91830DD6B4 /* Check Pods Manifest.lock */,
				F63A761F18CB8A4E00A309F2 /* Sources */,
				F63A762018CB8A4E00A309F2 /* Frameworks */,
				F63A762118CB8A4E00A309F2 /* Resources */,
				1A8F985870DD47A39056FB4F /* Copy Pods Resources */,
			);
			buildRules = (
			);
			dependencies = (
				F63A762718CB8A4E00A309F2 /* PBXTargetDependency */,
			);
			name = ResourceMapperOSXTests;
			productName = ResourceMapperTests;
			productReference = F63A762318CB8A4E00A309F2 /* ResourceMapperOSXTests.xctest */;
			productType = "com.apple.product-type.bundle.unit-test";
		};
/* End PBXNativeTarget section */

/* Begin PBXProject section */
		F63A75DD18CB89BC00A309F2 /* Project object */ = {
			isa = PBXProject;
			attributes = {
				CLASSPREFIX = RM;
				LastUpgradeCheck = 0510;
				ORGANIZATIONNAME = "Tobias Kräntzer";
			};
			buildConfigurationList = F63A75E018CB89BC00A309F2 /* Build configuration list for PBXProject "ResourceMapper" */;
			compatibilityVersion = "Xcode 3.2";
			developmentRegion = English;
			hasScannedForEncodings = 0;
			knownRegions = (
				en,
			);
			mainGroup = F63A75DC18CB89BC00A309F2;
			productRefGroup = F63A75E618CB89BC00A309F2 /* Products */;
			projectDirPath = "";
			projectRoot = "";
			targets = (
				F63A75E418CB89BC00A309F2 /* ResourceMapperiOS */,
				F63A75F418CB89BC00A309F2 /* ResourceMapperiOSTests */,
				F63A761118CB8A4D00A309F2 /* ResourceMapperOSX */,
				F63A762218CB8A4E00A309F2 /* ResourceMapperOSXTests */,
			);
		};
/* End PBXProject section */

/* Begin PBXResourcesBuildPhase section */
		F63A75F318CB89BC00A309F2 /* Resources */ = {
			isa = PBXResourcesBuildPhase;
			buildActionMask = 2147483647;
			files = (
				F63A760318CB89BC00A309F2 /* InfoPlist.strings in Resources */,
			);
			runOnlyForDeploymentPostprocessing = 0;
		};
		F63A762118CB8A4E00A309F2 /* Resources */ = {
			isa = PBXResourcesBuildPhase;
			buildActionMask = 2147483647;
			files = (
			);
			runOnlyForDeploymentPostprocessing = 0;
		};
/* End PBXResourcesBuildPhase section */

/* Begin PBXShellScriptBuildPhase section */
		0C5D357C675A4D268CD8250C /* Check Pods Manifest.lock */ = {
			isa = PBXShellScriptBuildPhase;
			buildActionMask = 2147483647;
			files = (
			);
			inputPaths = (
			);
			name = "Check Pods Manifest.lock";
			outputPaths = (
			);
			runOnlyForDeploymentPostprocessing = 0;
			shellPath = /bin/sh;
			shellScript = "diff \"${PODS_ROOT}/../Podfile.lock\" \"${PODS_ROOT}/Manifest.lock\" > /dev/null\nif [[ $? != 0 ]] ; then\n    cat << EOM\nerror: The sandbox is not in sync with the Podfile.lock. Run 'pod install' or update your CocoaPods installation.\nEOM\n    exit 1\nfi\n";
			showEnvVarsInLog = 0;
		};
		1A8F985870DD47A39056FB4F /* Copy Pods Resources */ = {
			isa = PBXShellScriptBuildPhase;
			buildActionMask = 2147483647;
			files = (
			);
			inputPaths = (
			);
			name = "Copy Pods Resources";
			outputPaths = (
			);
			runOnlyForDeploymentPostprocessing = 0;
			shellPath = /bin/sh;
			shellScript = "\"${SRCROOT}/../Pods/Pods-ResourceMapperOSXTests-resources.sh\"\n";
			showEnvVarsInLog = 0;
		};
		50256374D89F4A91830DD6B4 /* Check Pods Manifest.lock */ = {
			isa = PBXShellScriptBuildPhase;
			buildActionMask = 2147483647;
			files = (
			);
			inputPaths = (
			);
			name = "Check Pods Manifest.lock";
			outputPaths = (
			);
			runOnlyForDeploymentPostprocessing = 0;
			shellPath = /bin/sh;
			shellScript = "diff \"${PODS_ROOT}/../Podfile.lock\" \"${PODS_ROOT}/Manifest.lock\" > /dev/null\nif [[ $? != 0 ]] ; then\n    cat << EOM\nerror: The sandbox is not in sync with the Podfile.lock. Run 'pod install' or update your CocoaPods installation.\nEOM\n    exit 1\nfi\n";
			showEnvVarsInLog = 0;
		};
		5C5F6969D3654FF4B4BFB891 /* Copy Pods Resources */ = {
			isa = PBXShellScriptBuildPhase;
			buildActionMask = 2147483647;
			files = (
			);
			inputPaths = (
			);
			name = "Copy Pods Resources";
			outputPaths = (
			);
			runOnlyForDeploymentPostprocessing = 0;
			shellPath = /bin/sh;
			shellScript = "\"${SRCROOT}/../Pods/Pods-ResourceMapperiOSTests-resources.sh\"\n";
			showEnvVarsInLog = 0;
		};
/* End PBXShellScriptBuildPhase section */

/* Begin PBXSourcesBuildPhase section */
		F63A75E118CB89BC00A309F2 /* Sources */ = {
			isa = PBXSourcesBuildPhase;
			buildActionMask = 2147483647;
			files = (
				F64F655D19D412DE00DE602A /* NSRelationshipDescription+Private.m in Sources */,
				F677AA05199CC35300171E65 /* NSManagedObject+ResourceMapper.m in Sources */,
				F674F9F318DF402800521850 /* RMDeleteOperation.m in Sources */,
				F63A765B18CBA22B00A309F2 /* NSEntityDescription+Private.m in Sources */,
				F674F9C618DA1D4900521850 /* RMRelationshipPath.m in Sources */,
				F63A763C18CB939100A309F2 /* NSManagedObjectContext+Private.m in Sources */,
				F674F9DB18DD9D5700521850 /* RMMappingStep.m in Sources */,
				F674F9F818DF403700521850 /* RMFetchOperation.m in Sources */,
				F63A764118CB93E500A309F2 /* NSSortDescriptor+Private.m in Sources */,
				F62E067C18E0BF9800CA40CB /* RMMapper.m in Sources */,
				F63CF1A918CD2DDC00B29969 /* RMCombiningProxy.m in Sources */,
				F63A767E18CBBF2A00A309F2 /* RMMappingSession.m in Sources */,
				F674F9E818DE235500521850 /* RMOperation.m in Sources */,
				F674F9D018DA472600521850 /* RMDependency.m in Sources */,
				F674F9EE18DF3E8600521850 /* RMUpdateOrInsertOperation.m in Sources */,
				F63A768D18CBD42E00A309F2 /* NSObject+Private.m in Sources */,
				F63A769618CD18C400A309F2 /* RMMappingContext.m in Sources */,
			);
			runOnlyForDeploymentPostprocessing = 0;
		};
		F63A75F118CB89BC00A309F2 /* Sources */ = {
			isa = PBXSourcesBuildPhase;
			buildActionMask = 2147483647;
			files = (
				F674F9DF18DDF2F000521850 /* RMMappingStepTests.m in Sources */,
				F674FA0018DF678F00521850 /* RMMappingContext_AddResourcesTests.xcdatamodeld in Sources */,
				F674F9C018D8FCE500521850 /* RMResourceTraversalDependencyTests.xcdatamodeld in Sources */,
				F63A764818CB94F100A309F2 /* NSManagedObjectContextTests.m in Sources */,
				F61B133D19B9A3EF004BCB86 /* RMOperationApplyNullTests.m in Sources */,
				F63A765E18CBA2C100A309F2 /* NSEntityDescriptionTests.m in Sources */,
				F63A766418CBA30900A309F2 /* RMManagedObjectModelTestCase.m in Sources */,
				F674FA0318DF68D400521850 /* RMMappingSessionContextManipulationTests.m in Sources */,
				F61B134119B9A424004BCB86 /* RMOperationApplyNullTests.xcdatamodeld in Sources */,
				F674FA1518DF8C2100521850 /* RMMappingSessionManagedObjectForResourceTests.xcdatamodeld in Sources */,
				F63A764418CB944100A309F2 /* RMMangedObjectContextTestCase.m in Sources */,
				F674FA2018DF9D5100521850 /* RMOperationApplyTests.xcdatamodeld in Sources */,
				F674F9FC18DF425700521850 /* RMOperation_SessionHandlerTests.m in Sources */,
				F63A764C18CB957700A309F2 /* Model.xcdatamodeld in Sources */,
				F674F9B218D8F87900521850 /* RMResourceTraversalMappingCallbackTests.m in Sources */,
				F63A769118CD16C000A309F2 /* RMMappingContext_AddResourcesTests.m in Sources */,
				F674F9BC18D8FCCD00521850 /* RMResourceTraversalDependencyTests.m in Sources */,
				F674FA0A18DF846A00521850 /* RMMappingSessionPropertyUpdateTests.m in Sources */,
				F674F99F18D8DED200521850 /* RMDependencyPathTests.xcdatamodeld in Sources */,
				F674F9E318DDF30F00521850 /* RMMappingStepTests.xcdatamodeld in Sources */,
				F699E13A199E04C000CBF6A5 /* RMMapperTests.m in Sources */,
				F674FA0718DF68E100521850 /* RMMappingSessionContextManipulationTests.xcdatamodeld in Sources */,
				F674FA1818DF9C5D00521850 /* RMOperationApplyTests.m in Sources */,
				F674F99B18D8DE6D00521850 /* RMDependencyPathTests.m in Sources */,
				F674F9B618D8F89A00521850 /* RMResourceTraversalMappingCallbackTests.xcdatamodeld in Sources */,
				F674FA0E18DF848A00521850 /* RMMappingSessionPropertyUpdateTests.xcdatamodeld in Sources */,
				F674FA1118DF8C0A00521850 /* RMMappingSessionManagedObjectForResourceTests.m in Sources */,
			);
			runOnlyForDeploymentPostprocessing = 0;
		};
		F63A760E18CB8A4D00A309F2 /* Sources */ = {
			isa = PBXSourcesBuildPhase;
			buildActionMask = 2147483647;
			files = (
				F64F655E19D412DE00DE602A /* NSRelationshipDescription+Private.m in Sources */,
				F677AA06199CC35300171E65 /* NSManagedObject+ResourceMapper.m in Sources */,
				F674F9F418DF402800521850 /* RMDeleteOperation.m in Sources */,
				F63A765C18CBA22B00A309F2 /* NSEntityDescription+Private.m in Sources */,
				F674F9C718DA1D4900521850 /* RMRelationshipPath.m in Sources */,
				F63A763D18CB939100A309F2 /* NSManagedObjectContext+Private.m in Sources */,
				F674F9DC18DD9D5700521850 /* RMMappingStep.m in Sources */,
				F674F9F918DF403700521850 /* RMFetchOperation.m in Sources */,
				F63A764218CB93E500A309F2 /* NSSortDescriptor+Private.m in Sources */,
				F62E067D18E0BF9800CA40CB /* RMMapper.m in Sources */,
				F63CF1AA18CD2DDC00B29969 /* RMCombiningProxy.m in Sources */,
				F63A767F18CBBF2A00A309F2 /* RMMappingSession.m in Sources */,
				F674F9E918DE235500521850 /* RMOperation.m in Sources */,
				F674F9D118DA472600521850 /* RMDependency.m in Sources */,
				F674F9EF18DF3E8600521850 /* RMUpdateOrInsertOperation.m in Sources */,
				F63A768E18CBD42E00A309F2 /* NSObject+Private.m in Sources */,
				F63A769718CD18C400A309F2 /* RMMappingContext.m in Sources */,
			);
			runOnlyForDeploymentPostprocessing = 0;
		};
		F63A761F18CB8A4E00A309F2 /* Sources */ = {
			isa = PBXSourcesBuildPhase;
			buildActionMask = 2147483647;
			files = (
				F674F9E018DDF2F000521850 /* RMMappingStepTests.m in Sources */,
				F674FA0118DF678F00521850 /* RMMappingContext_AddResourcesTests.xcdatamodeld in Sources */,
				F674F9C118D8FCE500521850 /* RMResourceTraversalDependencyTests.xcdatamodeld in Sources */,
				F63A764918CB94F100A309F2 /* NSManagedObjectContextTests.m in Sources */,
				F61B133E19B9A3EF004BCB86 /* RMOperationApplyNullTests.m in Sources */,
				F63A765F18CBA2C100A309F2 /* NSEntityDescriptionTests.m in Sources */,
				F63A766518CBA30900A309F2 /* RMManagedObjectModelTestCase.m in Sources */,
				F674FA0418DF68D400521850 /* RMMappingSessionContextManipulationTests.m in Sources */,
				F61B134219B9A424004BCB86 /* RMOperationApplyNullTests.xcdatamodeld in Sources */,
				F674FA1618DF8C2100521850 /* RMMappingSessionManagedObjectForResourceTests.xcdatamodeld in Sources */,
				F63A764518CB944100A309F2 /* RMMangedObjectContextTestCase.m in Sources */,
				F674FA2118DF9D5100521850 /* RMOperationApplyTests.xcdatamodeld in Sources */,
				F674F9FD18DF425700521850 /* RMOperation_SessionHandlerTests.m in Sources */,
				F63A764D18CB957700A309F2 /* Model.xcdatamodeld in Sources */,
				F674F9B318D8F87900521850 /* RMResourceTraversalMappingCallbackTests.m in Sources */,
				F63A769218CD16C000A309F2 /* RMMappingContext_AddResourcesTests.m in Sources */,
				F674F9BD18D8FCCD00521850 /* RMResourceTraversalDependencyTests.m in Sources */,
				F674FA0B18DF846A00521850 /* RMMappingSessionPropertyUpdateTests.m in Sources */,
				F674F9A018D8DED200521850 /* RMDependencyPathTests.xcdatamodeld in Sources */,
				F674F9E418DDF30F00521850 /* RMMappingStepTests.xcdatamodeld in Sources */,
				F699E13B199E04C000CBF6A5 /* RMMapperTests.m in Sources */,
				F674FA0818DF68E100521850 /* RMMappingSessionContextManipulationTests.xcdatamodeld in Sources */,
				F674FA1918DF9C5D00521850 /* RMOperationApplyTests.m in Sources */,
				F674F99C18D8DE6D00521850 /* RMDependencyPathTests.m in Sources */,
				F674F9B718D8F89A00521850 /* RMResourceTraversalMappingCallbackTests.xcdatamodeld in Sources */,
				F674FA0F18DF848A00521850 /* RMMappingSessionPropertyUpdateTests.xcdatamodeld in Sources */,
				F674FA1218DF8C0A00521850 /* RMMappingSessionManagedObjectForResourceTests.m in Sources */,
			);
			runOnlyForDeploymentPostprocessing = 0;
		};
/* End PBXSourcesBuildPhase section */

/* Begin PBXTargetDependency section */
		F63A75FC18CB89BC00A309F2 /* PBXTargetDependency */ = {
			isa = PBXTargetDependency;
			target = F63A75E418CB89BC00A309F2 /* ResourceMapperiOS */;
			targetProxy = F63A75FB18CB89BC00A309F2 /* PBXContainerItemProxy */;
		};
		F63A762718CB8A4E00A309F2 /* PBXTargetDependency */ = {
			isa = PBXTargetDependency;
			target = F63A761118CB8A4D00A309F2 /* ResourceMapperOSX */;
			targetProxy = F63A762618CB8A4E00A309F2 /* PBXContainerItemProxy */;
		};
/* End PBXTargetDependency section */

/* Begin PBXVariantGroup section */
		F63A760118CB89BC00A309F2 /* InfoPlist.strings */ = {
			isa = PBXVariantGroup;
			children = (
				F63A760218CB89BC00A309F2 /* en */,
			);
			name = InfoPlist.strings;
			sourceTree = "<group>";
		};
/* End PBXVariantGroup section */

/* Begin XCBuildConfiguration section */
		F63A760618CB89BC00A309F2 /* Debug */ = {
			isa = XCBuildConfiguration;
			buildSettings = {
				ALWAYS_SEARCH_USER_PATHS = NO;
				CLANG_CXX_LANGUAGE_STANDARD = "gnu++0x";
				CLANG_CXX_LIBRARY = "libc++";
				CLANG_ENABLE_MODULES = YES;
				CLANG_ENABLE_OBJC_ARC = YES;
				CLANG_WARN_BOOL_CONVERSION = YES;
				CLANG_WARN_CONSTANT_CONVERSION = YES;
				CLANG_WARN_DIRECT_OBJC_ISA_USAGE = YES_ERROR;
				CLANG_WARN_EMPTY_BODY = YES;
				CLANG_WARN_ENUM_CONVERSION = YES;
				CLANG_WARN_INT_CONVERSION = YES;
				CLANG_WARN_OBJC_ROOT_CLASS = YES_ERROR;
				CLANG_WARN__DUPLICATE_METHOD_MATCH = YES;
				COPY_PHASE_STRIP = NO;
				GCC_C_LANGUAGE_STANDARD = gnu99;
				GCC_DYNAMIC_NO_PIC = NO;
				GCC_OPTIMIZATION_LEVEL = 0;
				GCC_PREPROCESSOR_DEFINITIONS = (
					"DEBUG=1",
					"$(inherited)",
				);
				GCC_SYMBOLS_PRIVATE_EXTERN = NO;
				GCC_WARN_64_TO_32_BIT_CONVERSION = YES;
				GCC_WARN_ABOUT_RETURN_TYPE = YES_ERROR;
				GCC_WARN_UNDECLARED_SELECTOR = YES;
				GCC_WARN_UNINITIALIZED_AUTOS = YES;
				GCC_WARN_UNUSED_FUNCTION = YES;
				GCC_WARN_UNUSED_VARIABLE = YES;
				IPHONEOS_DEPLOYMENT_TARGET = 7.0;
				ONLY_ACTIVE_ARCH = YES;
				SDKROOT = iphoneos;
			};
			name = Debug;
		};
		F63A760718CB89BC00A309F2 /* Release */ = {
			isa = XCBuildConfiguration;
			buildSettings = {
				ALWAYS_SEARCH_USER_PATHS = NO;
				CLANG_CXX_LANGUAGE_STANDARD = "gnu++0x";
				CLANG_CXX_LIBRARY = "libc++";
				CLANG_ENABLE_MODULES = YES;
				CLANG_ENABLE_OBJC_ARC = YES;
				CLANG_WARN_BOOL_CONVERSION = YES;
				CLANG_WARN_CONSTANT_CONVERSION = YES;
				CLANG_WARN_DIRECT_OBJC_ISA_USAGE = YES_ERROR;
				CLANG_WARN_EMPTY_BODY = YES;
				CLANG_WARN_ENUM_CONVERSION = YES;
				CLANG_WARN_INT_CONVERSION = YES;
				CLANG_WARN_OBJC_ROOT_CLASS = YES_ERROR;
				CLANG_WARN__DUPLICATE_METHOD_MATCH = YES;
				COPY_PHASE_STRIP = YES;
				ENABLE_NS_ASSERTIONS = NO;
				GCC_C_LANGUAGE_STANDARD = gnu99;
				GCC_WARN_64_TO_32_BIT_CONVERSION = YES;
				GCC_WARN_ABOUT_RETURN_TYPE = YES_ERROR;
				GCC_WARN_UNDECLARED_SELECTOR = YES;
				GCC_WARN_UNINITIALIZED_AUTOS = YES;
				GCC_WARN_UNUSED_FUNCTION = YES;
				GCC_WARN_UNUSED_VARIABLE = YES;
				IPHONEOS_DEPLOYMENT_TARGET = 7.0;
				SDKROOT = iphoneos;
				VALIDATE_PRODUCT = YES;
			};
			name = Release;
		};
		F63A760918CB89BC00A309F2 /* Debug */ = {
			isa = XCBuildConfiguration;
			buildSettings = {
				DSTROOT = /tmp/ResourceMapper.dst;
				GCC_PRECOMPILE_PREFIX_HEADER = YES;
				GCC_PREFIX_HEADER = "ResourceMapper/ResourceMapper-Prefix.pch";
				IPHONEOS_DEPLOYMENT_TARGET = 6.1;
				OTHER_LDFLAGS = "-ObjC";
				PRODUCT_NAME = "$(TARGET_NAME)";
				SKIP_INSTALL = YES;
			};
			name = Debug;
		};
		F63A760A18CB89BC00A309F2 /* Release */ = {
			isa = XCBuildConfiguration;
			buildSettings = {
				DSTROOT = /tmp/ResourceMapper.dst;
				GCC_PRECOMPILE_PREFIX_HEADER = YES;
				GCC_PREFIX_HEADER = "ResourceMapper/ResourceMapper-Prefix.pch";
				IPHONEOS_DEPLOYMENT_TARGET = 6.1;
				OTHER_LDFLAGS = "-ObjC";
				PRODUCT_NAME = "$(TARGET_NAME)";
				SKIP_INSTALL = YES;
			};
			name = Release;
		};
		F63A760C18CB89BC00A309F2 /* Debug */ = {
			isa = XCBuildConfiguration;
			baseConfigurationReference = C530E0F5039B492BB36E211F /* Pods-ResourceMapperiOSTests.xcconfig */;
			buildSettings = {
				FRAMEWORK_SEARCH_PATHS = (
					"$(SDKROOT)/Developer/Library/Frameworks",
					"$(inherited)",
					"$(DEVELOPER_FRAMEWORKS_DIR)",
				);
				GCC_PRECOMPILE_PREFIX_HEADER = YES;
				GCC_PREFIX_HEADER = "ResourceMapper/ResourceMapper-Prefix.pch";
				GCC_PREPROCESSOR_DEFINITIONS = (
					"DEBUG=1",
					"$(inherited)",
				);
				INFOPLIST_FILE = "ResourceMapperTests/ResourceMapperTests-Info.plist";
				IPHONEOS_DEPLOYMENT_TARGET = 6.1;
				OTHER_LDFLAGS = (
					"$(inherited)",
					"-framework",
					XCTest,
					"-ObjC",
				);
				PRODUCT_NAME = "$(TARGET_NAME)";
				WRAPPER_EXTENSION = xctest;
			};
			name = Debug;
		};
		F63A760D18CB89BC00A309F2 /* Release */ = {
			isa = XCBuildConfiguration;
			baseConfigurationReference = C530E0F5039B492BB36E211F /* Pods-ResourceMapperiOSTests.xcconfig */;
			buildSettings = {
				FRAMEWORK_SEARCH_PATHS = (
					"$(SDKROOT)/Developer/Library/Frameworks",
					"$(inherited)",
					"$(DEVELOPER_FRAMEWORKS_DIR)",
				);
				GCC_PRECOMPILE_PREFIX_HEADER = YES;
				GCC_PREFIX_HEADER = "ResourceMapper/ResourceMapper-Prefix.pch";
				INFOPLIST_FILE = "ResourceMapperTests/ResourceMapperTests-Info.plist";
				IPHONEOS_DEPLOYMENT_TARGET = 6.1;
				OTHER_LDFLAGS = (
					"$(inherited)",
					"-framework",
					XCTest,
					"-ObjC",
				);
				PRODUCT_NAME = "$(TARGET_NAME)";
				WRAPPER_EXTENSION = xctest;
			};
			name = Release;
		};
		F63A763218CB8A4E00A309F2 /* Debug */ = {
			isa = XCBuildConfiguration;
			buildSettings = {
				FRAMEWORK_SEARCH_PATHS = (
					"$(inherited)",
					"$(DEVELOPER_FRAMEWORKS_DIR)",
				);
				GCC_ENABLE_OBJC_EXCEPTIONS = YES;
				GCC_PRECOMPILE_PREFIX_HEADER = YES;
				GCC_PREFIX_HEADER = "ResourceMapper/ResourceMapper-Prefix.pch";
				GCC_PREPROCESSOR_DEFINITIONS = (
					"DEBUG=1",
					"$(inherited)",
				);
				MACOSX_DEPLOYMENT_TARGET = 10.8;
				PRODUCT_NAME = "$(TARGET_NAME)";
				SDKROOT = macosx;
			};
			name = Debug;
		};
		F63A763318CB8A4E00A309F2 /* Release */ = {
			isa = XCBuildConfiguration;
			buildSettings = {
				DEBUG_INFORMATION_FORMAT = "dwarf-with-dsym";
				FRAMEWORK_SEARCH_PATHS = (
					"$(inherited)",
					"$(DEVELOPER_FRAMEWORKS_DIR)",
				);
				GCC_ENABLE_OBJC_EXCEPTIONS = YES;
				GCC_PRECOMPILE_PREFIX_HEADER = YES;
				GCC_PREFIX_HEADER = "ResourceMapper/ResourceMapper-Prefix.pch";
				MACOSX_DEPLOYMENT_TARGET = 10.8;
				PRODUCT_NAME = "$(TARGET_NAME)";
				SDKROOT = macosx;
			};
			name = Release;
		};
		F63A763518CB8A4E00A309F2 /* Debug */ = {
			isa = XCBuildConfiguration;
			baseConfigurationReference = 574BF999A8EA4BF88D0ABA06 /* Pods-ResourceMapperOSXTests.xcconfig */;
			buildSettings = {
				COMBINE_HIDPI_IMAGES = YES;
				FRAMEWORK_SEARCH_PATHS = (
					"$(DEVELOPER_FRAMEWORKS_DIR)",
					"$(inherited)",
				);
				GCC_ENABLE_OBJC_EXCEPTIONS = YES;
				GCC_PRECOMPILE_PREFIX_HEADER = YES;
				GCC_PREFIX_HEADER = "ResourceMapper/ResourceMapper-Prefix.pch";
				GCC_PREPROCESSOR_DEFINITIONS = (
					"DEBUG=1",
					"$(inherited)",
				);
				INFOPLIST_FILE = "ResourceMapperTests/ResourceMapperTests-Info.plist";
				MACOSX_DEPLOYMENT_TARGET = 10.8;
				OTHER_LDFLAGS = (
					"$(inherited)",
					"-framework",
					XCTest,
					"-ObjC",
				);
				PRODUCT_NAME = "$(TARGET_NAME)";
				SDKROOT = macosx;
				WRAPPER_EXTENSION = xctest;
			};
			name = Debug;
		};
		F63A763618CB8A4E00A309F2 /* Release */ = {
			isa = XCBuildConfiguration;
			baseConfigurationReference = 574BF999A8EA4BF88D0ABA06 /* Pods-ResourceMapperOSXTests.xcconfig */;
			buildSettings = {
				COMBINE_HIDPI_IMAGES = YES;
				DEBUG_INFORMATION_FORMAT = "dwarf-with-dsym";
				FRAMEWORK_SEARCH_PATHS = (
					"$(DEVELOPER_FRAMEWORKS_DIR)",
					"$(inherited)",
				);
				GCC_ENABLE_OBJC_EXCEPTIONS = YES;
				GCC_PRECOMPILE_PREFIX_HEADER = YES;
				GCC_PREFIX_HEADER = "ResourceMapper/ResourceMapper-Prefix.pch";
				INFOPLIST_FILE = "ResourceMapperTests/ResourceMapperTests-Info.plist";
				MACOSX_DEPLOYMENT_TARGET = 10.8;
				OTHER_LDFLAGS = (
					"$(inherited)",
					"-framework",
					XCTest,
					"-ObjC",
				);
				PRODUCT_NAME = "$(TARGET_NAME)";
				SDKROOT = macosx;
				WRAPPER_EXTENSION = xctest;
			};
			name = Release;
		};
/* End XCBuildConfiguration section */

/* Begin XCConfigurationList section */
		F63A75E018CB89BC00A309F2 /* Build configuration list for PBXProject "ResourceMapper" */ = {
			isa = XCConfigurationList;
			buildConfigurations = (
				F63A760618CB89BC00A309F2 /* Debug */,
				F63A760718CB89BC00A309F2 /* Release */,
			);
			defaultConfigurationIsVisible = 0;
			defaultConfigurationName = Release;
		};
		F63A760818CB89BC00A309F2 /* Build configuration list for PBXNativeTarget "ResourceMapperiOS" */ = {
			isa = XCConfigurationList;
			buildConfigurations = (
				F63A760918CB89BC00A309F2 /* Debug */,
				F63A760A18CB89BC00A309F2 /* Release */,
			);
			defaultConfigurationIsVisible = 0;
			defaultConfigurationName = Release;
		};
		F63A760B18CB89BC00A309F2 /* Build configuration list for PBXNativeTarget "ResourceMapperiOSTests" */ = {
			isa = XCConfigurationList;
			buildConfigurations = (
				F63A760C18CB89BC00A309F2 /* Debug */,
				F63A760D18CB89BC00A309F2 /* Release */,
			);
			defaultConfigurationIsVisible = 0;
			defaultConfigurationName = Release;
		};
		F63A763118CB8A4E00A309F2 /* Build configuration list for PBXNativeTarget "ResourceMapperOSX" */ = {
			isa = XCConfigurationList;
			buildConfigurations = (
				F63A763218CB8A4E00A309F2 /* Debug */,
				F63A763318CB8A4E00A309F2 /* Release */,
			);
			defaultConfigurationIsVisible = 0;
			defaultConfigurationName = Release;
		};
		F63A763418CB8A4E00A309F2 /* Build configuration list for PBXNativeTarget "ResourceMapperOSXTests" */ = {
			isa = XCConfigurationList;
			buildConfigurations = (
				F63A763518CB8A4E00A309F2 /* Debug */,
				F63A763618CB8A4E00A309F2 /* Release */,
			);
			defaultConfigurationIsVisible = 0;
			defaultConfigurationName = Release;
		};
/* End XCConfigurationList section */

/* Begin XCVersionGroup section */
		F61B133F19B9A424004BCB86 /* RMOperationApplyNullTests.xcdatamodeld */ = {
			isa = XCVersionGroup;
			children = (
				F61B134019B9A424004BCB86 /* RMOperationApplyNullTests.xcdatamodel */,
			);
			currentVersion = F61B134019B9A424004BCB86 /* RMOperationApplyNullTests.xcdatamodel */;
			path = RMOperationApplyNullTests.xcdatamodeld;
			sourceTree = "<group>";
			versionGroupType = wrapper.xcdatamodel;
		};
		F63A764A18CB957700A309F2 /* Model.xcdatamodeld */ = {
			isa = XCVersionGroup;
			children = (
				F63A764B18CB957700A309F2 /* Model.xcdatamodel */,
			);
			currentVersion = F63A764B18CB957700A309F2 /* Model.xcdatamodel */;
			path = Model.xcdatamodeld;
			sourceTree = "<group>";
			versionGroupType = wrapper.xcdatamodel;
		};
		F674F99D18D8DED200521850 /* RMDependencyPathTests.xcdatamodeld */ = {
			isa = XCVersionGroup;
			children = (
				F674F99E18D8DED200521850 /* RMDependencyPathTests.xcdatamodel */,
			);
			currentVersion = F674F99E18D8DED200521850 /* RMDependencyPathTests.xcdatamodel */;
			path = RMDependencyPathTests.xcdatamodeld;
			sourceTree = "<group>";
			versionGroupType = wrapper.xcdatamodel;
		};
		F674F9B418D8F89A00521850 /* RMResourceTraversalMappingCallbackTests.xcdatamodeld */ = {
			isa = XCVersionGroup;
			children = (
				F674F9B518D8F89A00521850 /* RMResourceTraversalMappingCallbackTests.xcdatamodel */,
			);
			currentVersion = F674F9B518D8F89A00521850 /* RMResourceTraversalMappingCallbackTests.xcdatamodel */;
			path = RMResourceTraversalMappingCallbackTests.xcdatamodeld;
			sourceTree = "<group>";
			versionGroupType = wrapper.xcdatamodel;
		};
		F674F9BE18D8FCE500521850 /* RMResourceTraversalDependencyTests.xcdatamodeld */ = {
			isa = XCVersionGroup;
			children = (
				F674F9BF18D8FCE500521850 /* RMResourceTraversalDependencyTests.xcdatamodel */,
			);
			currentVersion = F674F9BF18D8FCE500521850 /* RMResourceTraversalDependencyTests.xcdatamodel */;
			path = RMResourceTraversalDependencyTests.xcdatamodeld;
			sourceTree = "<group>";
			versionGroupType = wrapper.xcdatamodel;
		};
		F674F9E118DDF30F00521850 /* RMMappingStepTests.xcdatamodeld */ = {
			isa = XCVersionGroup;
			children = (
				F674F9E218DDF30F00521850 /* RMMappingStepTests.xcdatamodel */,
			);
			currentVersion = F674F9E218DDF30F00521850 /* RMMappingStepTests.xcdatamodel */;
			path = RMMappingStepTests.xcdatamodeld;
			sourceTree = "<group>";
			versionGroupType = wrapper.xcdatamodel;
		};
		F674F9FE18DF678F00521850 /* RMMappingContext_AddResourcesTests.xcdatamodeld */ = {
			isa = XCVersionGroup;
			children = (
				F674F9FF18DF678F00521850 /* RMMappingContext_AddResourcesTests.xcdatamodel */,
			);
			currentVersion = F674F9FF18DF678F00521850 /* RMMappingContext_AddResourcesTests.xcdatamodel */;
			path = RMMappingContext_AddResourcesTests.xcdatamodeld;
			sourceTree = "<group>";
			versionGroupType = wrapper.xcdatamodel;
		};
		F674FA0518DF68E100521850 /* RMMappingSessionContextManipulationTests.xcdatamodeld */ = {
			isa = XCVersionGroup;
			children = (
				F674FA0618DF68E100521850 /* RMMappingSessionContextManipulationTests.xcdatamodel */,
			);
			currentVersion = F674FA0618DF68E100521850 /* RMMappingSessionContextManipulationTests.xcdatamodel */;
			path = RMMappingSessionContextManipulationTests.xcdatamodeld;
			sourceTree = "<group>";
			versionGroupType = wrapper.xcdatamodel;
		};
		F674FA0C18DF848A00521850 /* RMMappingSessionPropertyUpdateTests.xcdatamodeld */ = {
			isa = XCVersionGroup;
			children = (
				F674FA0D18DF848A00521850 /* RMMappingSessionPropertyUpdateTests.xcdatamodel */,
			);
			currentVersion = F674FA0D18DF848A00521850 /* RMMappingSessionPropertyUpdateTests.xcdatamodel */;
			path = RMMappingSessionPropertyUpdateTests.xcdatamodeld;
			sourceTree = "<group>";
			versionGroupType = wrapper.xcdatamodel;
		};
		F674FA1318DF8C2100521850 /* RMMappingSessionManagedObjectForResourceTests.xcdatamodeld */ = {
			isa = XCVersionGroup;
			children = (
				F674FA1418DF8C2100521850 /* RMMappingSessionManagedObjectForResourceTests.xcdatamodel */,
			);
			currentVersion = F674FA1418DF8C2100521850 /* RMMappingSessionManagedObjectForResourceTests.xcdatamodel */;
			path = RMMappingSessionManagedObjectForResourceTests.xcdatamodeld;
			sourceTree = "<group>";
			versionGroupType = wrapper.xcdatamodel;
		};
		F674FA1E18DF9D5100521850 /* RMOperationApplyTests.xcdatamodeld */ = {
			isa = XCVersionGroup;
			children = (
				F674FA1F18DF9D5100521850 /* RMMappingContext_AddResourcesTests.xcdatamodel */,
			);
			currentVersion = F674FA1F18DF9D5100521850 /* RMMappingContext_AddResourcesTests.xcdatamodel */;
			path = RMOperationApplyTests.xcdatamodeld;
			sourceTree = "<group>";
			versionGroupType = wrapper.xcdatamodel;
		};
/* End XCVersionGroup section */
	};
	rootObject = F63A75DD18CB89BC00A309F2 /* Project object */;
}
