// !$*UTF8*$!
{
	archiveVersion = 1;
	classes = {
	};
	objectVersion = 46;
	objects = {

/* Begin PBXBuildFile section */
		F63A75E918CB89BC00A309F2 /* Foundation.framework in Frameworks */ = {isa = PBXBuildFile; fileRef = F63A75E818CB89BC00A309F2 /* Foundation.framework */; };
		F63A75EE18CB89BC00A309F2 /* ResourceMapper.h in CopyFiles */ = {isa = PBXBuildFile; fileRef = F63A75ED18CB89BC00A309F2 /* ResourceMapper.h */; };
		F63A75F718CB89BC00A309F2 /* XCTest.framework in Frameworks */ = {isa = PBXBuildFile; fileRef = F63A75F618CB89BC00A309F2 /* XCTest.framework */; };
		F63A75F818CB89BC00A309F2 /* Foundation.framework in Frameworks */ = {isa = PBXBuildFile; fileRef = F63A75E818CB89BC00A309F2 /* Foundation.framework */; };
		F63A75FA18CB89BC00A309F2 /* UIKit.framework in Frameworks */ = {isa = PBXBuildFile; fileRef = F63A75F918CB89BC00A309F2 /* UIKit.framework */; };
		F63A75FD18CB89BC00A309F2 /* libResourceMapperiOS.a in Frameworks */ = {isa = PBXBuildFile; fileRef = F63A75E518CB89BC00A309F2 /* libResourceMapperiOS.a */; };
		F63A760318CB89BC00A309F2 /* InfoPlist.strings in Resources */ = {isa = PBXBuildFile; fileRef = F63A760118CB89BC00A309F2 /* InfoPlist.strings */; };
		F63A761418CB8A4E00A309F2 /* Cocoa.framework in Frameworks */ = {isa = PBXBuildFile; fileRef = F63A761318CB8A4E00A309F2 /* Cocoa.framework */; };
		F63A762418CB8A4E00A309F2 /* XCTest.framework in Frameworks */ = {isa = PBXBuildFile; fileRef = F63A75F618CB89BC00A309F2 /* XCTest.framework */; };
		F63A762518CB8A4E00A309F2 /* Cocoa.framework in Frameworks */ = {isa = PBXBuildFile; fileRef = F63A761318CB8A4E00A309F2 /* Cocoa.framework */; };
		F63A762818CB8A4E00A309F2 /* libResourceMapperOSX.a in Frameworks */ = {isa = PBXBuildFile; fileRef = F63A761218CB8A4D00A309F2 /* libResourceMapperOSX.a */; };
		F63A763B18CB939100A309F2 /* NSManagedObjectContext+Private.h in Headers */ = {isa = PBXBuildFile; fileRef = F63A763918CB939100A309F2 /* NSManagedObjectContext+Private.h */; };
		F63A763C18CB939100A309F2 /* NSManagedObjectContext+Private.m in Sources */ = {isa = PBXBuildFile; fileRef = F63A763A18CB939100A309F2 /* NSManagedObjectContext+Private.m */; };
		F63A763D18CB939100A309F2 /* NSManagedObjectContext+Private.m in Sources */ = {isa = PBXBuildFile; fileRef = F63A763A18CB939100A309F2 /* NSManagedObjectContext+Private.m */; };
		F63A764018CB93E500A309F2 /* NSSortDescriptor+Private.h in Headers */ = {isa = PBXBuildFile; fileRef = F63A763E18CB93E500A309F2 /* NSSortDescriptor+Private.h */; };
		F63A764118CB93E500A309F2 /* NSSortDescriptor+Private.m in Sources */ = {isa = PBXBuildFile; fileRef = F63A763F18CB93E500A309F2 /* NSSortDescriptor+Private.m */; };
		F63A764218CB93E500A309F2 /* NSSortDescriptor+Private.m in Sources */ = {isa = PBXBuildFile; fileRef = F63A763F18CB93E500A309F2 /* NSSortDescriptor+Private.m */; };
		F63A764418CB944100A309F2 /* RMMangedObjectContextTestCase.m in Sources */ = {isa = PBXBuildFile; fileRef = F63A764318CB944100A309F2 /* RMMangedObjectContextTestCase.m */; };
		F63A764518CB944100A309F2 /* RMMangedObjectContextTestCase.m in Sources */ = {isa = PBXBuildFile; fileRef = F63A764318CB944100A309F2 /* RMMangedObjectContextTestCase.m */; };
		F63A764818CB94F100A309F2 /* NSManagedObjectContext_CombineObjectsTests.m in Sources */ = {isa = PBXBuildFile; fileRef = F63A764718CB94F100A309F2 /* NSManagedObjectContext_CombineObjectsTests.m */; };
		F63A764918CB94F100A309F2 /* NSManagedObjectContext_CombineObjectsTests.m in Sources */ = {isa = PBXBuildFile; fileRef = F63A764718CB94F100A309F2 /* NSManagedObjectContext_CombineObjectsTests.m */; };
		F63A764C18CB957700A309F2 /* Model.xcdatamodeld in Sources */ = {isa = PBXBuildFile; fileRef = F63A764A18CB957700A309F2 /* Model.xcdatamodeld */; };
		F63A764D18CB957700A309F2 /* Model.xcdatamodeld in Sources */ = {isa = PBXBuildFile; fileRef = F63A764A18CB957700A309F2 /* Model.xcdatamodeld */; };
		F63A765318CB96D000A309F2 /* ResourceMapper+Private.h in Headers */ = {isa = PBXBuildFile; fileRef = F63A765118CB96D000A309F2 /* ResourceMapper+Private.h */; };
		F63A765A18CBA22B00A309F2 /* NSEntityDescription+Private.h in Headers */ = {isa = PBXBuildFile; fileRef = F63A765818CBA22B00A309F2 /* NSEntityDescription+Private.h */; };
		F63A765B18CBA22B00A309F2 /* NSEntityDescription+Private.m in Sources */ = {isa = PBXBuildFile; fileRef = F63A765918CBA22B00A309F2 /* NSEntityDescription+Private.m */; };
		F63A765C18CBA22B00A309F2 /* NSEntityDescription+Private.m in Sources */ = {isa = PBXBuildFile; fileRef = F63A765918CBA22B00A309F2 /* NSEntityDescription+Private.m */; };
		F63A765E18CBA2C100A309F2 /* NSEntityDescription_RootEntityTests.m in Sources */ = {isa = PBXBuildFile; fileRef = F63A765D18CBA2C100A309F2 /* NSEntityDescription_RootEntityTests.m */; };
		F63A765F18CBA2C100A309F2 /* NSEntityDescription_RootEntityTests.m in Sources */ = {isa = PBXBuildFile; fileRef = F63A765D18CBA2C100A309F2 /* NSEntityDescription_RootEntityTests.m */; };
		F63A766418CBA30900A309F2 /* RMManagedObjectModelTestCase.m in Sources */ = {isa = PBXBuildFile; fileRef = F63A766318CBA30900A309F2 /* RMManagedObjectModelTestCase.m */; };
		F63A766518CBA30900A309F2 /* RMManagedObjectModelTestCase.m in Sources */ = {isa = PBXBuildFile; fileRef = F63A766318CBA30900A309F2 /* RMManagedObjectModelTestCase.m */; };
		F63A766B18CBA91C00A309F2 /* NSEntityDescription_PrimaryKeyTests.m in Sources */ = {isa = PBXBuildFile; fileRef = F63A766A18CBA91C00A309F2 /* NSEntityDescription_PrimaryKeyTests.m */; };
		F63A766C18CBA91C00A309F2 /* NSEntityDescription_PrimaryKeyTests.m in Sources */ = {isa = PBXBuildFile; fileRef = F63A766A18CBA91C00A309F2 /* NSEntityDescription_PrimaryKeyTests.m */; };
		F63A766E18CBABA700A309F2 /* NSEntityDescription_PrimaryKeySortDescriptorTests.m in Sources */ = {isa = PBXBuildFile; fileRef = F63A766D18CBABA700A309F2 /* NSEntityDescription_PrimaryKeySortDescriptorTests.m */; };
		F63A766F18CBABA700A309F2 /* NSEntityDescription_PrimaryKeySortDescriptorTests.m in Sources */ = {isa = PBXBuildFile; fileRef = F63A766D18CBABA700A309F2 /* NSEntityDescription_PrimaryKeySortDescriptorTests.m */; };
		F63A767218CBBC4A00A309F2 /* RMObjectProxy.h in Headers */ = {isa = PBXBuildFile; fileRef = F63A767018CBBC4A00A309F2 /* RMObjectProxy.h */; };
		F63A767318CBBC4A00A309F2 /* RMObjectProxy.m in Sources */ = {isa = PBXBuildFile; fileRef = F63A767118CBBC4A00A309F2 /* RMObjectProxy.m */; };
		F63A767418CBBC4A00A309F2 /* RMObjectProxy.m in Sources */ = {isa = PBXBuildFile; fileRef = F63A767118CBBC4A00A309F2 /* RMObjectProxy.m */; };
		F63A767718CBBCEC00A309F2 /* RMObjectProxyTests.m in Sources */ = {isa = PBXBuildFile; fileRef = F63A767618CBBCEC00A309F2 /* RMObjectProxyTests.m */; };
		F63A767818CBBCEC00A309F2 /* RMObjectProxyTests.m in Sources */ = {isa = PBXBuildFile; fileRef = F63A767618CBBCEC00A309F2 /* RMObjectProxyTests.m */; };
		F63A767D18CBBF2A00A309F2 /* RMUpdateSession.h in Headers */ = {isa = PBXBuildFile; fileRef = F63A767B18CBBF2A00A309F2 /* RMUpdateSession.h */; };
		F63A767E18CBBF2A00A309F2 /* RMUpdateSession.m in Sources */ = {isa = PBXBuildFile; fileRef = F63A767C18CBBF2A00A309F2 /* RMUpdateSession.m */; };
		F63A767F18CBBF2A00A309F2 /* RMUpdateSession.m in Sources */ = {isa = PBXBuildFile; fileRef = F63A767C18CBBF2A00A309F2 /* RMUpdateSession.m */; };
		F63A768218CBC04000A309F2 /* RMUpdateSession_InsertObjectTests.m in Sources */ = {isa = PBXBuildFile; fileRef = F63A768118CBC04000A309F2 /* RMUpdateSession_InsertObjectTests.m */; };
		F63A768318CBC04000A309F2 /* RMUpdateSession_InsertObjectTests.m in Sources */ = {isa = PBXBuildFile; fileRef = F63A768118CBC04000A309F2 /* RMUpdateSession_InsertObjectTests.m */; };
		F63A768518CBD0A500A309F2 /* RMUpdateSession_DeleteObjectTests.m in Sources */ = {isa = PBXBuildFile; fileRef = F63A768418CBD0A500A309F2 /* RMUpdateSession_DeleteObjectTests.m */; };
		F63A768618CBD0A500A309F2 /* RMUpdateSession_DeleteObjectTests.m in Sources */ = {isa = PBXBuildFile; fileRef = F63A768418CBD0A500A309F2 /* RMUpdateSession_DeleteObjectTests.m */; };
		F63A768818CBD2A300A309F2 /* RMUpdateSession_UpdatePropertiesTests.m in Sources */ = {isa = PBXBuildFile; fileRef = F63A768718CBD2A300A309F2 /* RMUpdateSession_UpdatePropertiesTests.m */; };
		F63A768918CBD2A300A309F2 /* RMUpdateSession_UpdatePropertiesTests.m in Sources */ = {isa = PBXBuildFile; fileRef = F63A768718CBD2A300A309F2 /* RMUpdateSession_UpdatePropertiesTests.m */; };
		F63A768C18CBD42E00A309F2 /* NSObject+Private.h in Headers */ = {isa = PBXBuildFile; fileRef = F63A768A18CBD42E00A309F2 /* NSObject+Private.h */; };
		F63A768D18CBD42E00A309F2 /* NSObject+Private.m in Sources */ = {isa = PBXBuildFile; fileRef = F63A768B18CBD42E00A309F2 /* NSObject+Private.m */; };
		F63A768E18CBD42E00A309F2 /* NSObject+Private.m in Sources */ = {isa = PBXBuildFile; fileRef = F63A768B18CBD42E00A309F2 /* NSObject+Private.m */; };
		F63A769118CD16C000A309F2 /* RMMappingContext_AddResourcesTests.m in Sources */ = {isa = PBXBuildFile; fileRef = F63A769018CD16C000A309F2 /* RMMappingContext_AddResourcesTests.m */; };
		F63A769218CD16C000A309F2 /* RMMappingContext_AddResourcesTests.m in Sources */ = {isa = PBXBuildFile; fileRef = F63A769018CD16C000A309F2 /* RMMappingContext_AddResourcesTests.m */; };
		F63A769518CD18C400A309F2 /* RMMappingContext.h in Headers */ = {isa = PBXBuildFile; fileRef = F63A769318CD18C400A309F2 /* RMMappingContext.h */; };
		F63A769618CD18C400A309F2 /* RMMappingContext.m in Sources */ = {isa = PBXBuildFile; fileRef = F63A769418CD18C400A309F2 /* RMMappingContext.m */; };
		F63A769718CD18C400A309F2 /* RMMappingContext.m in Sources */ = {isa = PBXBuildFile; fileRef = F63A769418CD18C400A309F2 /* RMMappingContext.m */; };
/* End PBXBuildFile section */

/* Begin PBXContainerItemProxy section */
		F63A75FB18CB89BC00A309F2 /* PBXContainerItemProxy */ = {
			isa = PBXContainerItemProxy;
			containerPortal = F63A75DD18CB89BC00A309F2 /* Project object */;
			proxyType = 1;
			remoteGlobalIDString = F63A75E418CB89BC00A309F2;
			remoteInfo = ResourceMapper;
		};
		F63A762618CB8A4E00A309F2 /* PBXContainerItemProxy */ = {
			isa = PBXContainerItemProxy;
			containerPortal = F63A75DD18CB89BC00A309F2 /* Project object */;
			proxyType = 1;
			remoteGlobalIDString = F63A761118CB8A4D00A309F2;
			remoteInfo = ResourceMapper;
		};
/* End PBXContainerItemProxy section */

/* Begin PBXCopyFilesBuildPhase section */
		F63A75E318CB89BC00A309F2 /* CopyFiles */ = {
			isa = PBXCopyFilesBuildPhase;
			buildActionMask = 2147483647;
			dstPath = "include/$(PRODUCT_NAME)";
			dstSubfolderSpec = 16;
			files = (
				F63A75EE18CB89BC00A309F2 /* ResourceMapper.h in CopyFiles */,
			);
			runOnlyForDeploymentPostprocessing = 0;
		};
/* End PBXCopyFilesBuildPhase section */

/* Begin PBXFileReference section */
		F63A75E518CB89BC00A309F2 /* libResourceMapperiOS.a */ = {isa = PBXFileReference; explicitFileType = archive.ar; includeInIndex = 0; path = libResourceMapperiOS.a; sourceTree = BUILT_PRODUCTS_DIR; };
		F63A75E818CB89BC00A309F2 /* Foundation.framework */ = {isa = PBXFileReference; lastKnownFileType = wrapper.framework; name = Foundation.framework; path = System/Library/Frameworks/Foundation.framework; sourceTree = SDKROOT; };
		F63A75EC18CB89BC00A309F2 /* ResourceMapper-Prefix.pch */ = {isa = PBXFileReference; lastKnownFileType = sourcecode.c.h; path = "ResourceMapper-Prefix.pch"; sourceTree = "<group>"; };
		F63A75ED18CB89BC00A309F2 /* ResourceMapper.h */ = {isa = PBXFileReference; lastKnownFileType = sourcecode.c.h; path = ResourceMapper.h; sourceTree = "<group>"; };
		F63A75F518CB89BC00A309F2 /* ResourceMapperiOSTests.xctest */ = {isa = PBXFileReference; explicitFileType = wrapper.cfbundle; includeInIndex = 0; path = ResourceMapperiOSTests.xctest; sourceTree = BUILT_PRODUCTS_DIR; };
		F63A75F618CB89BC00A309F2 /* XCTest.framework */ = {isa = PBXFileReference; lastKnownFileType = wrapper.framework; name = XCTest.framework; path = Library/Frameworks/XCTest.framework; sourceTree = DEVELOPER_DIR; };
		F63A75F918CB89BC00A309F2 /* UIKit.framework */ = {isa = PBXFileReference; lastKnownFileType = wrapper.framework; name = UIKit.framework; path = Library/Frameworks/UIKit.framework; sourceTree = DEVELOPER_DIR; };
		F63A760018CB89BC00A309F2 /* ResourceMapperTests-Info.plist */ = {isa = PBXFileReference; lastKnownFileType = text.plist.xml; path = "ResourceMapperTests-Info.plist"; sourceTree = "<group>"; };
		F63A760218CB89BC00A309F2 /* en */ = {isa = PBXFileReference; lastKnownFileType = text.plist.strings; name = en; path = en.lproj/InfoPlist.strings; sourceTree = "<group>"; };
		F63A761218CB8A4D00A309F2 /* libResourceMapperOSX.a */ = {isa = PBXFileReference; explicitFileType = archive.ar; includeInIndex = 0; path = libResourceMapperOSX.a; sourceTree = BUILT_PRODUCTS_DIR; };
		F63A761318CB8A4E00A309F2 /* Cocoa.framework */ = {isa = PBXFileReference; lastKnownFileType = wrapper.framework; name = Cocoa.framework; path = Library/Frameworks/Cocoa.framework; sourceTree = DEVELOPER_DIR; };
		F63A761618CB8A4E00A309F2 /* Foundation.framework */ = {isa = PBXFileReference; lastKnownFileType = wrapper.framework; name = Foundation.framework; path = Library/Frameworks/Foundation.framework; sourceTree = SDKROOT; };
		F63A761718CB8A4E00A309F2 /* CoreData.framework */ = {isa = PBXFileReference; lastKnownFileType = wrapper.framework; name = CoreData.framework; path = Library/Frameworks/CoreData.framework; sourceTree = SDKROOT; };
		F63A761818CB8A4E00A309F2 /* AppKit.framework */ = {isa = PBXFileReference; lastKnownFileType = wrapper.framework; name = AppKit.framework; path = Library/Frameworks/AppKit.framework; sourceTree = SDKROOT; };
		F63A762318CB8A4E00A309F2 /* ResourceMapperOSXTests.xctest */ = {isa = PBXFileReference; explicitFileType = wrapper.cfbundle; includeInIndex = 0; path = ResourceMapperOSXTests.xctest; sourceTree = BUILT_PRODUCTS_DIR; };
		F63A763918CB939100A309F2 /* NSManagedObjectContext+Private.h */ = {isa = PBXFileReference; fileEncoding = 4; lastKnownFileType = sourcecode.c.h; path = "NSManagedObjectContext+Private.h"; sourceTree = "<group>"; };
		F63A763A18CB939100A309F2 /* NSManagedObjectContext+Private.m */ = {isa = PBXFileReference; fileEncoding = 4; lastKnownFileType = sourcecode.c.objc; path = "NSManagedObjectContext+Private.m"; sourceTree = "<group>"; };
		F63A763E18CB93E500A309F2 /* NSSortDescriptor+Private.h */ = {isa = PBXFileReference; fileEncoding = 4; lastKnownFileType = sourcecode.c.h; path = "NSSortDescriptor+Private.h"; sourceTree = "<group>"; };
		F63A763F18CB93E500A309F2 /* NSSortDescriptor+Private.m */ = {isa = PBXFileReference; fileEncoding = 4; lastKnownFileType = sourcecode.c.objc; path = "NSSortDescriptor+Private.m"; sourceTree = "<group>"; };
		F63A764318CB944100A309F2 /* RMMangedObjectContextTestCase.m */ = {isa = PBXFileReference; fileEncoding = 4; lastKnownFileType = sourcecode.c.objc; path = RMMangedObjectContextTestCase.m; sourceTree = "<group>"; };
		F63A764618CB948C00A309F2 /* RMMangedObjectContextTestCase.h */ = {isa = PBXFileReference; lastKnownFileType = sourcecode.c.h; path = RMMangedObjectContextTestCase.h; sourceTree = "<group>"; };
		F63A764718CB94F100A309F2 /* NSManagedObjectContext_CombineObjectsTests.m */ = {isa = PBXFileReference; fileEncoding = 4; lastKnownFileType = sourcecode.c.objc; path = NSManagedObjectContext_CombineObjectsTests.m; sourceTree = "<group>"; };
		F63A764B18CB957700A309F2 /* Model.xcdatamodel */ = {isa = PBXFileReference; lastKnownFileType = wrapper.xcdatamodel; path = Model.xcdatamodel; sourceTree = "<group>"; };
		F63A765118CB96D000A309F2 /* ResourceMapper+Private.h */ = {isa = PBXFileReference; fileEncoding = 4; lastKnownFileType = sourcecode.c.h; path = "ResourceMapper+Private.h"; sourceTree = "<group>"; };
		F63A765818CBA22B00A309F2 /* NSEntityDescription+Private.h */ = {isa = PBXFileReference; fileEncoding = 4; lastKnownFileType = sourcecode.c.h; path = "NSEntityDescription+Private.h"; sourceTree = "<group>"; };
		F63A765918CBA22B00A309F2 /* NSEntityDescription+Private.m */ = {isa = PBXFileReference; fileEncoding = 4; lastKnownFileType = sourcecode.c.objc; path = "NSEntityDescription+Private.m"; sourceTree = "<group>"; };
		F63A765D18CBA2C100A309F2 /* NSEntityDescription_RootEntityTests.m */ = {isa = PBXFileReference; fileEncoding = 4; lastKnownFileType = sourcecode.c.objc; path = NSEntityDescription_RootEntityTests.m; sourceTree = "<group>"; };
		F63A766218CBA30900A309F2 /* RMManagedObjectModelTestCase.h */ = {isa = PBXFileReference; fileEncoding = 4; lastKnownFileType = sourcecode.c.h; path = RMManagedObjectModelTestCase.h; sourceTree = "<group>"; };
		F63A766318CBA30900A309F2 /* RMManagedObjectModelTestCase.m */ = {isa = PBXFileReference; fileEncoding = 4; lastKnownFileType = sourcecode.c.objc; path = RMManagedObjectModelTestCase.m; sourceTree = "<group>"; };
		F63A766A18CBA91C00A309F2 /* NSEntityDescription_PrimaryKeyTests.m */ = {isa = PBXFileReference; fileEncoding = 4; lastKnownFileType = sourcecode.c.objc; path = NSEntityDescription_PrimaryKeyTests.m; sourceTree = "<group>"; };
		F63A766D18CBABA700A309F2 /* NSEntityDescription_PrimaryKeySortDescriptorTests.m */ = {isa = PBXFileReference; fileEncoding = 4; lastKnownFileType = sourcecode.c.objc; path = NSEntityDescription_PrimaryKeySortDescriptorTests.m; sourceTree = "<group>"; };
		F63A767018CBBC4A00A309F2 /* RMObjectProxy.h */ = {isa = PBXFileReference; fileEncoding = 4; lastKnownFileType = sourcecode.c.h; path = RMObjectProxy.h; sourceTree = "<group>"; };
		F63A767118CBBC4A00A309F2 /* RMObjectProxy.m */ = {isa = PBXFileReference; fileEncoding = 4; lastKnownFileType = sourcecode.c.objc; path = RMObjectProxy.m; sourceTree = "<group>"; };
		F63A767618CBBCEC00A309F2 /* RMObjectProxyTests.m */ = {isa = PBXFileReference; fileEncoding = 4; lastKnownFileType = sourcecode.c.objc; path = RMObjectProxyTests.m; sourceTree = "<group>"; };
		F63A767B18CBBF2A00A309F2 /* RMUpdateSession.h */ = {isa = PBXFileReference; fileEncoding = 4; lastKnownFileType = sourcecode.c.h; path = RMUpdateSession.h; sourceTree = "<group>"; };
		F63A767C18CBBF2A00A309F2 /* RMUpdateSession.m */ = {isa = PBXFileReference; fileEncoding = 4; lastKnownFileType = sourcecode.c.objc; path = RMUpdateSession.m; sourceTree = "<group>"; };
		F63A768118CBC04000A309F2 /* RMUpdateSession_InsertObjectTests.m */ = {isa = PBXFileReference; fileEncoding = 4; lastKnownFileType = sourcecode.c.objc; path = RMUpdateSession_InsertObjectTests.m; sourceTree = "<group>"; };
		F63A768418CBD0A500A309F2 /* RMUpdateSession_DeleteObjectTests.m */ = {isa = PBXFileReference; fileEncoding = 4; lastKnownFileType = sourcecode.c.objc; path = RMUpdateSession_DeleteObjectTests.m; sourceTree = "<group>"; };
		F63A768718CBD2A300A309F2 /* RMUpdateSession_UpdatePropertiesTests.m */ = {isa = PBXFileReference; fileEncoding = 4; lastKnownFileType = sourcecode.c.objc; path = RMUpdateSession_UpdatePropertiesTests.m; sourceTree = "<group>"; };
		F63A768A18CBD42E00A309F2 /* NSObject+Private.h */ = {isa = PBXFileReference; fileEncoding = 4; lastKnownFileType = sourcecode.c.h; path = "NSObject+Private.h"; sourceTree = "<group>"; };
		F63A768B18CBD42E00A309F2 /* NSObject+Private.m */ = {isa = PBXFileReference; fileEncoding = 4; lastKnownFileType = sourcecode.c.objc; path = "NSObject+Private.m"; sourceTree = "<group>"; };
		F63A769018CD16C000A309F2 /* RMMappingContext_AddResourcesTests.m */ = {isa = PBXFileReference; fileEncoding = 4; lastKnownFileType = sourcecode.c.objc; path = RMMappingContext_AddResourcesTests.m; sourceTree = "<group>"; };
		F63A769318CD18C400A309F2 /* RMMappingContext.h */ = {isa = PBXFileReference; fileEncoding = 4; lastKnownFileType = sourcecode.c.h; path = RMMappingContext.h; sourceTree = "<group>"; };
		F63A769418CD18C400A309F2 /* RMMappingContext.m */ = {isa = PBXFileReference; fileEncoding = 4; lastKnownFileType = sourcecode.c.objc; path = RMMappingContext.m; sourceTree = "<group>"; };
/* End PBXFileReference section */

/* Begin PBXFrameworksBuildPhase section */
		F63A75E218CB89BC00A309F2 /* Frameworks */ = {
			isa = PBXFrameworksBuildPhase;
			buildActionMask = 2147483647;
			files = (
				F63A75E918CB89BC00A309F2 /* Foundation.framework in Frameworks */,
			);
			runOnlyForDeploymentPostprocessing = 0;
		};
		F63A75F218CB89BC00A309F2 /* Frameworks */ = {
			isa = PBXFrameworksBuildPhase;
			buildActionMask = 2147483647;
			files = (
				F63A75F718CB89BC00A309F2 /* XCTest.framework in Frameworks */,
				F63A75FA18CB89BC00A309F2 /* UIKit.framework in Frameworks */,
				F63A75FD18CB89BC00A309F2 /* libResourceMapperiOS.a in Frameworks */,
				F63A75F818CB89BC00A309F2 /* Foundation.framework in Frameworks */,
			);
			runOnlyForDeploymentPostprocessing = 0;
		};
		F63A760F18CB8A4D00A309F2 /* Frameworks */ = {
			isa = PBXFrameworksBuildPhase;
			buildActionMask = 2147483647;
			files = (
				F63A761418CB8A4E00A309F2 /* Cocoa.framework in Frameworks */,
			);
			runOnlyForDeploymentPostprocessing = 0;
		};
		F63A762018CB8A4E00A309F2 /* Frameworks */ = {
			isa = PBXFrameworksBuildPhase;
			buildActionMask = 2147483647;
			files = (
				F63A762818CB8A4E00A309F2 /* libResourceMapperOSX.a in Frameworks */,
				F63A762518CB8A4E00A309F2 /* Cocoa.framework in Frameworks */,
				F63A762418CB8A4E00A309F2 /* XCTest.framework in Frameworks */,
			);
			runOnlyForDeploymentPostprocessing = 0;
		};
/* End PBXFrameworksBuildPhase section */

/* Begin PBXGroup section */
		F63A75DC18CB89BC00A309F2 = {
			isa = PBXGroup;
			children = (
				F63A75EA18CB89BC00A309F2 /* Resource Mapper */,
				F63A75FE18CB89BC00A309F2 /* Resource Mapper Tests */,
				F63A75E718CB89BC00A309F2 /* Frameworks */,
				F63A75E618CB89BC00A309F2 /* Products */,
			);
			sourceTree = "<group>";
		};
		F63A75E618CB89BC00A309F2 /* Products */ = {
			isa = PBXGroup;
			children = (
				F63A75E518CB89BC00A309F2 /* libResourceMapperiOS.a */,
				F63A75F518CB89BC00A309F2 /* ResourceMapperiOSTests.xctest */,
				F63A761218CB8A4D00A309F2 /* libResourceMapperOSX.a */,
				F63A762318CB8A4E00A309F2 /* ResourceMapperOSXTests.xctest */,
			);
			name = Products;
			sourceTree = "<group>";
		};
		F63A75E718CB89BC00A309F2 /* Frameworks */ = {
			isa = PBXGroup;
			children = (
				F63A75E818CB89BC00A309F2 /* Foundation.framework */,
				F63A75F618CB89BC00A309F2 /* XCTest.framework */,
				F63A75F918CB89BC00A309F2 /* UIKit.framework */,
				F63A761318CB8A4E00A309F2 /* Cocoa.framework */,
				F63A761518CB8A4E00A309F2 /* Other Frameworks */,
			);
			name = Frameworks;
			sourceTree = "<group>";
		};
		F63A75EA18CB89BC00A309F2 /* Resource Mapper */ = {
			isa = PBXGroup;
			children = (
				F63A763718CB8D0100A309F2 /* Public */,
				F63A763818CB8D0700A309F2 /* Private */,
				F63A75EB18CB89BC00A309F2 /* Supporting Files */,
			);
			name = "Resource Mapper";
			path = ResourceMapper;
			sourceTree = "<group>";
		};
		F63A75EB18CB89BC00A309F2 /* Supporting Files */ = {
			isa = PBXGroup;
			children = (
				F63A75EC18CB89BC00A309F2 /* ResourceMapper-Prefix.pch */,
			);
			name = "Supporting Files";
			sourceTree = "<group>";
		};
		F63A75FE18CB89BC00A309F2 /* Resource Mapper Tests */ = {
			isa = PBXGroup;
			children = (
				F63A764E18CB966200A309F2 /* Model */,
				F63A767518CBBCD300A309F2 /* Object Proxy */,
				F63A764F18CB966800A309F2 /* Core Data Additions Tests */,
				F63A75FF18CB89BC00A309F2 /* Supporting Files */,
			);
			name = "Resource Mapper Tests";
			path = ResourceMapperTests;
			sourceTree = "<group>";
		};
		F63A75FF18CB89BC00A309F2 /* Supporting Files */ = {
			isa = PBXGroup;
			children = (
				F63A760018CB89BC00A309F2 /* ResourceMapperTests-Info.plist */,
				F63A760118CB89BC00A309F2 /* InfoPlist.strings */,
			);
			name = "Supporting Files";
			sourceTree = "<group>";
		};
		F63A761518CB8A4E00A309F2 /* Other Frameworks */ = {
			isa = PBXGroup;
			children = (
				F63A761618CB8A4E00A309F2 /* Foundation.framework */,
				F63A761718CB8A4E00A309F2 /* CoreData.framework */,
				F63A761818CB8A4E00A309F2 /* AppKit.framework */,
			);
			name = "Other Frameworks";
			sourceTree = "<group>";
		};
		F63A763718CB8D0100A309F2 /* Public */ = {
			isa = PBXGroup;
			children = (
				F63A75ED18CB89BC00A309F2 /* ResourceMapper.h */,
			);
			path = Public;
			sourceTree = "<group>";
		};
		F63A763818CB8D0700A309F2 /* Private */ = {
			isa = PBXGroup;
			children = (
				F63A765118CB96D000A309F2 /* ResourceMapper+Private.h */,
				F63A769818CD18D000A309F2 /* Update Context */,
				F63A767A18CBBF1600A309F2 /* Update Session */,
				F63A767918CBBDFC00A309F2 /* Proxy Object */,
				F63A765718CB978E00A309F2 /* Foundation Additions */,
				F63A765618CB978200A309F2 /* Core Data Additions */,
			);
			path = Private;
			sourceTree = "<group>";
		};
		F63A764E18CB966200A309F2 /* Model */ = {
			isa = PBXGroup;
			children = (
				F63A764A18CB957700A309F2 /* Model.xcdatamodeld */,
			);
			name = Model;
			sourceTree = "<group>";
		};
		F63A764F18CB966800A309F2 /* Core Data Additions Tests */ = {
			isa = PBXGroup;
			children = (
				F63A766618CBA47100A309F2 /* CoreData TestCases */,
				F63A766118CBA2D800A309F2 /* Entity Description */,
				F63A766018CBA2CD00A309F2 /* Managed Object Context */,
			);
			name = "Core Data Additions Tests";
			sourceTree = "<group>";
		};
		F63A765018CB967B00A309F2 /* Combine Objects */ = {
			isa = PBXGroup;
			children = (
				F63A764718CB94F100A309F2 /* NSManagedObjectContext_CombineObjectsTests.m */,
			);
			name = "Combine Objects";
			sourceTree = "<group>";
		};
		F63A765618CB978200A309F2 /* Core Data Additions */ = {
			isa = PBXGroup;
			children = (
				F63A765818CBA22B00A309F2 /* NSEntityDescription+Private.h */,
				F63A765918CBA22B00A309F2 /* NSEntityDescription+Private.m */,
				F63A763918CB939100A309F2 /* NSManagedObjectContext+Private.h */,
				F63A763A18CB939100A309F2 /* NSManagedObjectContext+Private.m */,
			);
			name = "Core Data Additions";
			sourceTree = "<group>";
		};
		F63A765718CB978E00A309F2 /* Foundation Additions */ = {
			isa = PBXGroup;
			children = (
				F63A768A18CBD42E00A309F2 /* NSObject+Private.h */,
				F63A768B18CBD42E00A309F2 /* NSObject+Private.m */,
				F63A763E18CB93E500A309F2 /* NSSortDescriptor+Private.h */,
				F63A763F18CB93E500A309F2 /* NSSortDescriptor+Private.m */,
			);
			name = "Foundation Additions";
			sourceTree = "<group>";
		};
		F63A766018CBA2CD00A309F2 /* Managed Object Context */ = {
			isa = PBXGroup;
			children = (
				F63A765018CB967B00A309F2 /* Combine Objects */,
				F63A769918CD1B4200A309F2 /* Mapping Context */,
				F63A768018CBC02C00A309F2 /* Update Session */,
			);
			name = "Managed Object Context";
			sourceTree = "<group>";
		};
		F63A766118CBA2D800A309F2 /* Entity Description */ = {
			isa = PBXGroup;
			children = (
				F63A765D18CBA2C100A309F2 /* NSEntityDescription_RootEntityTests.m */,
				F63A766A18CBA91C00A309F2 /* NSEntityDescription_PrimaryKeyTests.m */,
				F63A766D18CBABA700A309F2 /* NSEntityDescription_PrimaryKeySortDescriptorTests.m */,
			);
			name = "Entity Description";
			sourceTree = "<group>";
		};
		F63A766618CBA47100A309F2 /* CoreData TestCases */ = {
			isa = PBXGroup;
			children = (
				F63A766218CBA30900A309F2 /* RMManagedObjectModelTestCase.h */,
				F63A766318CBA30900A309F2 /* RMManagedObjectModelTestCase.m */,
				F63A764618CB948C00A309F2 /* RMMangedObjectContextTestCase.h */,
				F63A764318CB944100A309F2 /* RMMangedObjectContextTestCase.m */,
			);
			name = "CoreData TestCases";
			sourceTree = "<group>";
		};
		F63A767518CBBCD300A309F2 /* Object Proxy */ = {
			isa = PBXGroup;
			children = (
				F63A767618CBBCEC00A309F2 /* RMObjectProxyTests.m */,
			);
			name = "Object Proxy";
			sourceTree = "<group>";
		};
		F63A767918CBBDFC00A309F2 /* Proxy Object */ = {
			isa = PBXGroup;
			children = (
				F63A767018CBBC4A00A309F2 /* RMObjectProxy.h */,
				F63A767118CBBC4A00A309F2 /* RMObjectProxy.m */,
			);
			name = "Proxy Object";
			sourceTree = "<group>";
		};
		F63A767A18CBBF1600A309F2 /* Update Session */ = {
			isa = PBXGroup;
			children = (
				F63A767B18CBBF2A00A309F2 /* RMUpdateSession.h */,
				F63A767C18CBBF2A00A309F2 /* RMUpdateSession.m */,
			);
			name = "Update Session";
			sourceTree = "<group>";
		};
		F63A768018CBC02C00A309F2 /* Update Session */ = {
			isa = PBXGroup;
			children = (
				F63A768118CBC04000A309F2 /* RMUpdateSession_InsertObjectTests.m */,
				F63A768418CBD0A500A309F2 /* RMUpdateSession_DeleteObjectTests.m */,
				F63A768718CBD2A300A309F2 /* RMUpdateSession_UpdatePropertiesTests.m */,
			);
			name = "Update Session";
			sourceTree = "<group>";
		};
		F63A769818CD18D000A309F2 /* Update Context */ = {
			isa = PBXGroup;
			children = (
				F63A769318CD18C400A309F2 /* RMMappingContext.h */,
				F63A769418CD18C400A309F2 /* RMMappingContext.m */,
			);
			name = "Update Context";
			sourceTree = "<group>";
		};
		F63A769918CD1B4200A309F2 /* Mapping Context */ = {
			isa = PBXGroup;
			children = (
				F63A769018CD16C000A309F2 /* RMMappingContext_AddResourcesTests.m */,
			);
			name = "Mapping Context";
			sourceTree = "<group>";
		};
/* End PBXGroup section */

/* Begin PBXHeadersBuildPhase section */
		F63A761018CB8A4D00A309F2 /* Headers */ = {
			isa = PBXHeadersBuildPhase;
			buildActionMask = 2147483647;
			files = (
				F63A764018CB93E500A309F2 /* NSSortDescriptor+Private.h in Headers */,
				F63A763B18CB939100A309F2 /* NSManagedObjectContext+Private.h in Headers */,
				F63A765318CB96D000A309F2 /* ResourceMapper+Private.h in Headers */,
				F63A768C18CBD42E00A309F2 /* NSObject+Private.h in Headers */,
				F63A767D18CBBF2A00A309F2 /* RMUpdateSession.h in Headers */,
				F63A767218CBBC4A00A309F2 /* RMObjectProxy.h in Headers */,
				F63A769518CD18C400A309F2 /* RMMappingContext.h in Headers */,
				F63A765A18CBA22B00A309F2 /* NSEntityDescription+Private.h in Headers */,
			);
			runOnlyForDeploymentPostprocessing = 0;
		};
/* End PBXHeadersBuildPhase section */

/* Begin PBXNativeTarget section */
		F63A75E418CB89BC00A309F2 /* ResourceMapperiOS */ = {
			isa = PBXNativeTarget;
			buildConfigurationList = F63A760818CB89BC00A309F2 /* Build configuration list for PBXNativeTarget "ResourceMapperiOS" */;
			buildPhases = (
				F63A75E118CB89BC00A309F2 /* Sources */,
				F63A75E218CB89BC00A309F2 /* Frameworks */,
				F63A75E318CB89BC00A309F2 /* CopyFiles */,
			);
			buildRules = (
			);
			dependencies = (
			);
			name = ResourceMapperiOS;
			productName = ResourceMapper;
			productReference = F63A75E518CB89BC00A309F2 /* libResourceMapperiOS.a */;
			productType = "com.apple.product-type.library.static";
		};
		F63A75F418CB89BC00A309F2 /* ResourceMapperiOSTests */ = {
			isa = PBXNativeTarget;
			buildConfigurationList = F63A760B18CB89BC00A309F2 /* Build configuration list for PBXNativeTarget "ResourceMapperiOSTests" */;
			buildPhases = (
				F63A75F118CB89BC00A309F2 /* Sources */,
				F63A75F218CB89BC00A309F2 /* Frameworks */,
				F63A75F318CB89BC00A309F2 /* Resources */,
			);
			buildRules = (
			);
			dependencies = (
				F63A75FC18CB89BC00A309F2 /* PBXTargetDependency */,
			);
			name = ResourceMapperiOSTests;
			productName = ResourceMapperTests;
			productReference = F63A75F518CB89BC00A309F2 /* ResourceMapperiOSTests.xctest */;
			productType = "com.apple.product-type.bundle.unit-test";
		};
		F63A761118CB8A4D00A309F2 /* ResourceMapperOSX */ = {
			isa = PBXNativeTarget;
			buildConfigurationList = F63A763118CB8A4E00A309F2 /* Build configuration list for PBXNativeTarget "ResourceMapperOSX" */;
			buildPhases = (
				F63A760E18CB8A4D00A309F2 /* Sources */,
				F63A760F18CB8A4D00A309F2 /* Frameworks */,
				F63A761018CB8A4D00A309F2 /* Headers */,
			);
			buildRules = (
			);
			dependencies = (
			);
			name = ResourceMapperOSX;
			productName = ResourceMapper;
			productReference = F63A761218CB8A4D00A309F2 /* libResourceMapperOSX.a */;
			productType = "com.apple.product-type.library.static";
		};
		F63A762218CB8A4E00A309F2 /* ResourceMapperOSXTests */ = {
			isa = PBXNativeTarget;
			buildConfigurationList = F63A763418CB8A4E00A309F2 /* Build configuration list for PBXNativeTarget "ResourceMapperOSXTests" */;
			buildPhases = (
				F63A761F18CB8A4E00A309F2 /* Sources */,
				F63A762018CB8A4E00A309F2 /* Frameworks */,
				F63A762118CB8A4E00A309F2 /* Resources */,
			);
			buildRules = (
			);
			dependencies = (
				F63A762718CB8A4E00A309F2 /* PBXTargetDependency */,
			);
			name = ResourceMapperOSXTests;
			productName = ResourceMapperTests;
			productReference = F63A762318CB8A4E00A309F2 /* ResourceMapperOSXTests.xctest */;
			productType = "com.apple.product-type.bundle.unit-test";
		};
/* End PBXNativeTarget section */

/* Begin PBXProject section */
		F63A75DD18CB89BC00A309F2 /* Project object */ = {
			isa = PBXProject;
			attributes = {
				CLASSPREFIX = RM;
				LastUpgradeCheck = 0500;
				ORGANIZATIONNAME = "Tobias Kräntzer";
			};
			buildConfigurationList = F63A75E018CB89BC00A309F2 /* Build configuration list for PBXProject "ResourceMapper" */;
			compatibilityVersion = "Xcode 3.2";
			developmentRegion = English;
			hasScannedForEncodings = 0;
			knownRegions = (
				en,
			);
			mainGroup = F63A75DC18CB89BC00A309F2;
			productRefGroup = F63A75E618CB89BC00A309F2 /* Products */;
			projectDirPath = "";
			projectRoot = "";
			targets = (
				F63A75E418CB89BC00A309F2 /* ResourceMapperiOS */,
				F63A75F418CB89BC00A309F2 /* ResourceMapperiOSTests */,
				F63A761118CB8A4D00A309F2 /* ResourceMapperOSX */,
				F63A762218CB8A4E00A309F2 /* ResourceMapperOSXTests */,
			);
		};
/* End PBXProject section */

/* Begin PBXResourcesBuildPhase section */
		F63A75F318CB89BC00A309F2 /* Resources */ = {
			isa = PBXResourcesBuildPhase;
			buildActionMask = 2147483647;
			files = (
				F63A760318CB89BC00A309F2 /* InfoPlist.strings in Resources */,
			);
			runOnlyForDeploymentPostprocessing = 0;
		};
		F63A762118CB8A4E00A309F2 /* Resources */ = {
			isa = PBXResourcesBuildPhase;
			buildActionMask = 2147483647;
			files = (
			);
			runOnlyForDeploymentPostprocessing = 0;
		};
/* End PBXResourcesBuildPhase section */

/* Begin PBXSourcesBuildPhase section */
		F63A75E118CB89BC00A309F2 /* Sources */ = {
			isa = PBXSourcesBuildPhase;
			buildActionMask = 2147483647;
			files = (
				F63A765B18CBA22B00A309F2 /* NSEntityDescription+Private.m in Sources */,
				F63A763C18CB939100A309F2 /* NSManagedObjectContext+Private.m in Sources */,
				F63A767318CBBC4A00A309F2 /* RMObjectProxy.m in Sources */,
				F63A764118CB93E500A309F2 /* NSSortDescriptor+Private.m in Sources */,
				F63A767E18CBBF2A00A309F2 /* RMUpdateSession.m in Sources */,
				F63A768D18CBD42E00A309F2 /* NSObject+Private.m in Sources */,
				F63A769618CD18C400A309F2 /* RMMappingContext.m in Sources */,
			);
			runOnlyForDeploymentPostprocessing = 0;
		};
		F63A75F118CB89BC00A309F2 /* Sources */ = {
			isa = PBXSourcesBuildPhase;
			buildActionMask = 2147483647;
			files = (
				F63A764818CB94F100A309F2 /* NSManagedObjectContext_CombineObjectsTests.m in Sources */,
				F63A765E18CBA2C100A309F2 /* NSEntityDescription_RootEntityTests.m in Sources */,
				F63A768818CBD2A300A309F2 /* RMUpdateSession_UpdatePropertiesTests.m in Sources */,
				F63A767718CBBCEC00A309F2 /* RMObjectProxyTests.m in Sources */,
				F63A766418CBA30900A309F2 /* RMManagedObjectModelTestCase.m in Sources */,
				F63A764418CB944100A309F2 /* RMMangedObjectContextTestCase.m in Sources */,
				F63A764C18CB957700A309F2 /* Model.xcdatamodeld in Sources */,
				F63A766E18CBABA700A309F2 /* NSEntityDescription_PrimaryKeySortDescriptorTests.m in Sources */,
				F63A768218CBC04000A309F2 /* RMUpdateSession_InsertObjectTests.m in Sources */,
				F63A768518CBD0A500A309F2 /* RMUpdateSession_DeleteObjectTests.m in Sources */,
				F63A769118CD16C000A309F2 /* RMMappingContext_AddResourcesTests.m in Sources */,
				F63A766B18CBA91C00A309F2 /* NSEntityDescription_PrimaryKeyTests.m in Sources */,
			);
			runOnlyForDeploymentPostprocessing = 0;
		};
		F63A760E18CB8A4D00A309F2 /* Sources */ = {
			isa = PBXSourcesBuildPhase;
			buildActionMask = 2147483647;
			files = (
				F63A765C18CBA22B00A309F2 /* NSEntityDescription+Private.m in Sources */,
				F63A763D18CB939100A309F2 /* NSManagedObjectContext+Private.m in Sources */,
				F63A767418CBBC4A00A309F2 /* RMObjectProxy.m in Sources */,
				F63A764218CB93E500A309F2 /* NSSortDescriptor+Private.m in Sources */,
				F63A767F18CBBF2A00A309F2 /* RMUpdateSession.m in Sources */,
				F63A768E18CBD42E00A309F2 /* NSObject+Private.m in Sources */,
				F63A769718CD18C400A309F2 /* RMMappingContext.m in Sources */,
			);
			runOnlyForDeploymentPostprocessing = 0;
		};
		F63A761F18CB8A4E00A309F2 /* Sources */ = {
			isa = PBXSourcesBuildPhase;
			buildActionMask = 2147483647;
			files = (
				F63A764918CB94F100A309F2 /* NSManagedObjectContext_CombineObjectsTests.m in Sources */,
				F63A765F18CBA2C100A309F2 /* NSEntityDescription_RootEntityTests.m in Sources */,
				F63A768918CBD2A300A309F2 /* RMUpdateSession_UpdatePropertiesTests.m in Sources */,
				F63A767818CBBCEC00A309F2 /* RMObjectProxyTests.m in Sources */,
				F63A766518CBA30900A309F2 /* RMManagedObjectModelTestCase.m in Sources */,
				F63A764518CB944100A309F2 /* RMMangedObjectContextTestCase.m in Sources */,
				F63A764D18CB957700A309F2 /* Model.xcdatamodeld in Sources */,
				F63A766F18CBABA700A309F2 /* NSEntityDescription_PrimaryKeySortDescriptorTests.m in Sources */,
				F63A768318CBC04000A309F2 /* RMUpdateSession_InsertObjectTests.m in Sources */,
				F63A768618CBD0A500A309F2 /* RMUpdateSession_DeleteObjectTests.m in Sources */,
				F63A769218CD16C000A309F2 /* RMMappingContext_AddResourcesTests.m in Sources */,
				F63A766C18CBA91C00A309F2 /* NSEntityDescription_PrimaryKeyTests.m in Sources */,
			);
			runOnlyForDeploymentPostprocessing = 0;
		};
/* End PBXSourcesBuildPhase section */

/* Begin PBXTargetDependency section */
		F63A75FC18CB89BC00A309F2 /* PBXTargetDependency */ = {
			isa = PBXTargetDependency;
			target = F63A75E418CB89BC00A309F2 /* ResourceMapperiOS */;
			targetProxy = F63A75FB18CB89BC00A309F2 /* PBXContainerItemProxy */;
		};
		F63A762718CB8A4E00A309F2 /* PBXTargetDependency */ = {
			isa = PBXTargetDependency;
			target = F63A761118CB8A4D00A309F2 /* ResourceMapperOSX */;
			targetProxy = F63A762618CB8A4E00A309F2 /* PBXContainerItemProxy */;
		};
/* End PBXTargetDependency section */

/* Begin PBXVariantGroup section */
		F63A760118CB89BC00A309F2 /* InfoPlist.strings */ = {
			isa = PBXVariantGroup;
			children = (
				F63A760218CB89BC00A309F2 /* en */,
			);
			name = InfoPlist.strings;
			sourceTree = "<group>";
		};
/* End PBXVariantGroup section */

/* Begin XCBuildConfiguration section */
		F63A760618CB89BC00A309F2 /* Debug */ = {
			isa = XCBuildConfiguration;
			buildSettings = {
				ALWAYS_SEARCH_USER_PATHS = NO;
				ARCHS = "$(ARCHS_STANDARD_INCLUDING_64_BIT)";
				CLANG_CXX_LANGUAGE_STANDARD = "gnu++0x";
				CLANG_CXX_LIBRARY = "libc++";
				CLANG_ENABLE_MODULES = YES;
				CLANG_ENABLE_OBJC_ARC = YES;
				CLANG_WARN_BOOL_CONVERSION = YES;
				CLANG_WARN_CONSTANT_CONVERSION = YES;
				CLANG_WARN_DIRECT_OBJC_ISA_USAGE = YES_ERROR;
				CLANG_WARN_EMPTY_BODY = YES;
				CLANG_WARN_ENUM_CONVERSION = YES;
				CLANG_WARN_INT_CONVERSION = YES;
				CLANG_WARN_OBJC_ROOT_CLASS = YES_ERROR;
				CLANG_WARN__DUPLICATE_METHOD_MATCH = YES;
				COPY_PHASE_STRIP = NO;
				GCC_C_LANGUAGE_STANDARD = gnu99;
				GCC_DYNAMIC_NO_PIC = NO;
				GCC_OPTIMIZATION_LEVEL = 0;
				GCC_PREPROCESSOR_DEFINITIONS = (
					"DEBUG=1",
					"$(inherited)",
				);
				GCC_SYMBOLS_PRIVATE_EXTERN = NO;
				GCC_WARN_64_TO_32_BIT_CONVERSION = YES;
				GCC_WARN_ABOUT_RETURN_TYPE = YES_ERROR;
				GCC_WARN_UNDECLARED_SELECTOR = YES;
				GCC_WARN_UNINITIALIZED_AUTOS = YES;
				GCC_WARN_UNUSED_FUNCTION = YES;
				GCC_WARN_UNUSED_VARIABLE = YES;
				IPHONEOS_DEPLOYMENT_TARGET = 7.0;
				ONLY_ACTIVE_ARCH = YES;
				SDKROOT = iphoneos;
			};
			name = Debug;
		};
		F63A760718CB89BC00A309F2 /* Release */ = {
			isa = XCBuildConfiguration;
			buildSettings = {
				ALWAYS_SEARCH_USER_PATHS = NO;
				ARCHS = "$(ARCHS_STANDARD_INCLUDING_64_BIT)";
				CLANG_CXX_LANGUAGE_STANDARD = "gnu++0x";
				CLANG_CXX_LIBRARY = "libc++";
				CLANG_ENABLE_MODULES = YES;
				CLANG_ENABLE_OBJC_ARC = YES;
				CLANG_WARN_BOOL_CONVERSION = YES;
				CLANG_WARN_CONSTANT_CONVERSION = YES;
				CLANG_WARN_DIRECT_OBJC_ISA_USAGE = YES_ERROR;
				CLANG_WARN_EMPTY_BODY = YES;
				CLANG_WARN_ENUM_CONVERSION = YES;
				CLANG_WARN_INT_CONVERSION = YES;
				CLANG_WARN_OBJC_ROOT_CLASS = YES_ERROR;
				CLANG_WARN__DUPLICATE_METHOD_MATCH = YES;
				COPY_PHASE_STRIP = YES;
				ENABLE_NS_ASSERTIONS = NO;
				GCC_C_LANGUAGE_STANDARD = gnu99;
				GCC_WARN_64_TO_32_BIT_CONVERSION = YES;
				GCC_WARN_ABOUT_RETURN_TYPE = YES_ERROR;
				GCC_WARN_UNDECLARED_SELECTOR = YES;
				GCC_WARN_UNINITIALIZED_AUTOS = YES;
				GCC_WARN_UNUSED_FUNCTION = YES;
				GCC_WARN_UNUSED_VARIABLE = YES;
				IPHONEOS_DEPLOYMENT_TARGET = 7.0;
				SDKROOT = iphoneos;
				VALIDATE_PRODUCT = YES;
			};
			name = Release;
		};
		F63A760918CB89BC00A309F2 /* Debug */ = {
			isa = XCBuildConfiguration;
			buildSettings = {
				DSTROOT = /tmp/ResourceMapper.dst;
				GCC_PRECOMPILE_PREFIX_HEADER = YES;
				GCC_PREFIX_HEADER = "ResourceMapper/ResourceMapper-Prefix.pch";
				IPHONEOS_DEPLOYMENT_TARGET = 6.1;
				OTHER_LDFLAGS = "-ObjC";
				PRODUCT_NAME = "$(TARGET_NAME)";
				SKIP_INSTALL = YES;
			};
			name = Debug;
		};
		F63A760A18CB89BC00A309F2 /* Release */ = {
			isa = XCBuildConfiguration;
			buildSettings = {
				DSTROOT = /tmp/ResourceMapper.dst;
				GCC_PRECOMPILE_PREFIX_HEADER = YES;
				GCC_PREFIX_HEADER = "ResourceMapper/ResourceMapper-Prefix.pch";
				IPHONEOS_DEPLOYMENT_TARGET = 6.1;
				OTHER_LDFLAGS = "-ObjC";
				PRODUCT_NAME = "$(TARGET_NAME)";
				SKIP_INSTALL = YES;
			};
			name = Release;
		};
		F63A760C18CB89BC00A309F2 /* Debug */ = {
			isa = XCBuildConfiguration;
			buildSettings = {
				ARCHS = "$(ARCHS_STANDARD_INCLUDING_64_BIT)";
				FRAMEWORK_SEARCH_PATHS = (
					"$(SDKROOT)/Developer/Library/Frameworks",
					"$(inherited)",
					"$(DEVELOPER_FRAMEWORKS_DIR)",
				);
				GCC_PRECOMPILE_PREFIX_HEADER = YES;
				GCC_PREFIX_HEADER = "ResourceMapper/ResourceMapper-Prefix.pch";
				GCC_PREPROCESSOR_DEFINITIONS = (
					"DEBUG=1",
					"$(inherited)",
				);
				INFOPLIST_FILE = "ResourceMapperTests/ResourceMapperTests-Info.plist";
				IPHONEOS_DEPLOYMENT_TARGET = 6.1;
				OTHER_LDFLAGS = (
					"$(inherited)",
					"-framework",
					XCTest,
					"-ObjC",
				);
				PRODUCT_NAME = "$(TARGET_NAME)";
				WRAPPER_EXTENSION = xctest;
			};
			name = Debug;
		};
		F63A760D18CB89BC00A309F2 /* Release */ = {
			isa = XCBuildConfiguration;
			buildSettings = {
				ARCHS = "$(ARCHS_STANDARD_INCLUDING_64_BIT)";
				FRAMEWORK_SEARCH_PATHS = (
					"$(SDKROOT)/Developer/Library/Frameworks",
					"$(inherited)",
					"$(DEVELOPER_FRAMEWORKS_DIR)",
				);
				GCC_PRECOMPILE_PREFIX_HEADER = YES;
				GCC_PREFIX_HEADER = "ResourceMapper/ResourceMapper-Prefix.pch";
				INFOPLIST_FILE = "ResourceMapperTests/ResourceMapperTests-Info.plist";
				IPHONEOS_DEPLOYMENT_TARGET = 6.1;
				OTHER_LDFLAGS = (
					"$(inherited)",
					"-framework",
					XCTest,
					"-ObjC",
				);
				PRODUCT_NAME = "$(TARGET_NAME)";
				WRAPPER_EXTENSION = xctest;
			};
			name = Release;
		};
		F63A763218CB8A4E00A309F2 /* Debug */ = {
			isa = XCBuildConfiguration;
			buildSettings = {
				FRAMEWORK_SEARCH_PATHS = (
					"$(inherited)",
					"$(DEVELOPER_FRAMEWORKS_DIR)",
				);
				GCC_ENABLE_OBJC_EXCEPTIONS = YES;
				GCC_PRECOMPILE_PREFIX_HEADER = YES;
				GCC_PREFIX_HEADER = "ResourceMapper/ResourceMapper-Prefix.pch";
				GCC_PREPROCESSOR_DEFINITIONS = (
					"DEBUG=1",
					"$(inherited)",
				);
				MACOSX_DEPLOYMENT_TARGET = 10.8;
				PRODUCT_NAME = "$(TARGET_NAME)";
				SDKROOT = macosx;
			};
			name = Debug;
		};
		F63A763318CB8A4E00A309F2 /* Release */ = {
			isa = XCBuildConfiguration;
			buildSettings = {
				DEBUG_INFORMATION_FORMAT = "dwarf-with-dsym";
				FRAMEWORK_SEARCH_PATHS = (
					"$(inherited)",
					"$(DEVELOPER_FRAMEWORKS_DIR)",
				);
				GCC_ENABLE_OBJC_EXCEPTIONS = YES;
				GCC_PRECOMPILE_PREFIX_HEADER = YES;
				GCC_PREFIX_HEADER = "ResourceMapper/ResourceMapper-Prefix.pch";
				MACOSX_DEPLOYMENT_TARGET = 10.8;
				PRODUCT_NAME = "$(TARGET_NAME)";
				SDKROOT = macosx;
			};
			name = Release;
		};
		F63A763518CB8A4E00A309F2 /* Debug */ = {
			isa = XCBuildConfiguration;
			buildSettings = {
				COMBINE_HIDPI_IMAGES = YES;
				FRAMEWORK_SEARCH_PATHS = (
					"$(DEVELOPER_FRAMEWORKS_DIR)",
					"$(inherited)",
				);
				GCC_ENABLE_OBJC_EXCEPTIONS = YES;
				GCC_PRECOMPILE_PREFIX_HEADER = YES;
				GCC_PREFIX_HEADER = "ResourceMapper/ResourceMapper-Prefix.pch";
				GCC_PREPROCESSOR_DEFINITIONS = (
					"DEBUG=1",
					"$(inherited)",
				);
				INFOPLIST_FILE = "ResourceMapperTests/ResourceMapperTests-Info.plist";
				MACOSX_DEPLOYMENT_TARGET = 10.8;
				OTHER_LDFLAGS = (
					"$(inherited)",
					"-framework",
					XCTest,
					"-ObjC",
				);
				PRODUCT_NAME = "$(TARGET_NAME)";
				SDKROOT = macosx;
				WRAPPER_EXTENSION = xctest;
			};
			name = Debug;
		};
		F63A763618CB8A4E00A309F2 /* Release */ = {
			isa = XCBuildConfiguration;
			buildSettings = {
				COMBINE_HIDPI_IMAGES = YES;
				DEBUG_INFORMATION_FORMAT = "dwarf-with-dsym";
				FRAMEWORK_SEARCH_PATHS = (
					"$(DEVELOPER_FRAMEWORKS_DIR)",
					"$(inherited)",
				);
				GCC_ENABLE_OBJC_EXCEPTIONS = YES;
				GCC_PRECOMPILE_PREFIX_HEADER = YES;
				GCC_PREFIX_HEADER = "ResourceMapper/ResourceMapper-Prefix.pch";
				INFOPLIST_FILE = "ResourceMapperTests/ResourceMapperTests-Info.plist";
				MACOSX_DEPLOYMENT_TARGET = 10.8;
				OTHER_LDFLAGS = (
					"$(inherited)",
					"-framework",
					XCTest,
					"-ObjC",
				);
				PRODUCT_NAME = "$(TARGET_NAME)";
				SDKROOT = macosx;
				WRAPPER_EXTENSION = xctest;
			};
			name = Release;
		};
/* End XCBuildConfiguration section */

/* Begin XCConfigurationList section */
		F63A75E018CB89BC00A309F2 /* Build configuration list for PBXProject "ResourceMapper" */ = {
			isa = XCConfigurationList;
			buildConfigurations = (
				F63A760618CB89BC00A309F2 /* Debug */,
				F63A760718CB89BC00A309F2 /* Release */,
			);
			defaultConfigurationIsVisible = 0;
			defaultConfigurationName = Release;
		};
		F63A760818CB89BC00A309F2 /* Build configuration list for PBXNativeTarget "ResourceMapperiOS" */ = {
			isa = XCConfigurationList;
			buildConfigurations = (
				F63A760918CB89BC00A309F2 /* Debug */,
				F63A760A18CB89BC00A309F2 /* Release */,
			);
			defaultConfigurationIsVisible = 0;
			defaultConfigurationName = Release;
		};
		F63A760B18CB89BC00A309F2 /* Build configuration list for PBXNativeTarget "ResourceMapperiOSTests" */ = {
			isa = XCConfigurationList;
			buildConfigurations = (
				F63A760C18CB89BC00A309F2 /* Debug */,
				F63A760D18CB89BC00A309F2 /* Release */,
			);
			defaultConfigurationIsVisible = 0;
			defaultConfigurationName = Release;
		};
		F63A763118CB8A4E00A309F2 /* Build configuration list for PBXNativeTarget "ResourceMapperOSX" */ = {
			isa = XCConfigurationList;
			buildConfigurations = (
				F63A763218CB8A4E00A309F2 /* Debug */,
				F63A763318CB8A4E00A309F2 /* Release */,
			);
			defaultConfigurationIsVisible = 0;
			defaultConfigurationName = Release;
		};
		F63A763418CB8A4E00A309F2 /* Build configuration list for PBXNativeTarget "ResourceMapperOSXTests" */ = {
			isa = XCConfigurationList;
			buildConfigurations = (
				F63A763518CB8A4E00A309F2 /* Debug */,
				F63A763618CB8A4E00A309F2 /* Release */,
			);
			defaultConfigurationIsVisible = 0;
			defaultConfigurationName = Release;
		};
/* End XCConfigurationList section */

/* Begin XCVersionGroup section */
		F63A764A18CB957700A309F2 /* Model.xcdatamodeld */ = {
			isa = XCVersionGroup;
			children = (
				F63A764B18CB957700A309F2 /* Model.xcdatamodel */,
			);
			currentVersion = F63A764B18CB957700A309F2 /* Model.xcdatamodel */;
			path = Model.xcdatamodeld;
			sourceTree = "<group>";
			versionGroupType = wrapper.xcdatamodel;
		};
/* End XCVersionGroup section */
	};
	rootObject = F63A75DD18CB89BC00A309F2 /* Project object */;
}
