PODS:
  - OCHamcrest (3.0.1)
  - OCMockito (1.1.0):
    - OCHamcrest (~> 3.0)
  - XCTAsyncTestCase (0.1.0)

DEPENDENCIES:
  - OCMockito (~> 1.1.0)
  - XCTAsyncTestCase (= 0.1.0)

SPEC CHECKSUMS:
  OCHamcrest: 782c52ae8c673e5d6060a65005cfd26d20d519ba
  OCMockito: 317fa0cf75c9b0d73d2be335789c556537be7fd2
  XCTAsyncTestCase: 712a789c91b966bcce433fced0b930ffc8b5b10a

COCOAPODS: 0.29.0
